PODS:
  - AFNetworking (2.2.3):
    - AFNetworking/NSURLConnection
    - AFNetworking/NSURLSession
    - AFNetworking/Reachability
    - AFNetworking/Security
    - AFNetworking/Serialization
    - AFNetworking/UIKit
  - AFNetworking/NSURLConnection (2.2.3):
    - AFNetworking/Reachability
    - AFNetworking/Security
    - AFNetworking/Serialization
  - AFNetworking/NSURLSession (2.2.3):
    - AFNetworking/NSURLConnection
  - AFNetworking/Reachability (2.2.3)
  - AFNetworking/Security (2.2.3)
  - AFNetworking/Serialization (2.2.3)
  - AFNetworking/UIKit (2.2.3):
    - AFNetworking/NSURLConnection
    - AFNetworking/NSURLSession
  - Facebook-iOS-SDK (3.13.1)
  - FXBlurView (1.6)
  - JSMessagesViewController (4.0.3):
    - JSQSystemSoundPlayer
  - JSQSystemSoundPlayer (1.4.0)
  - MBXMapKit (0.2.1)
  - MHPrettyDate (1.1.1)
  - Parse (1.2.19):
    - Facebook-iOS-SDK (~> 3.11)
  - SGNavigationProgress (1.2)

DEPENDENCIES:
  - AFNetworking (~> 2.0)
  - FXBlurView
  - JSMessagesViewController
  - MBXMapKit (~> 0.2)
  - MHPrettyDate
  - Parse
  - SGNavigationProgress

SPEC CHECKSUMS:
  AFNetworking: ae513199cca79e9d7af2708ccabe2ed075550c42
  Facebook-iOS-SDK: 47ae9e54684c84f93d75d4e6ab47cd031abdf406
  FXBlurView: 06f9f602d529c8e2d87648293d73a618621d3d81
  JSMessagesViewController: aa0f3f34f70c39ec0a6ded219636b8bd945f5fe2
  JSQSystemSoundPlayer: 28ccd01a92a0cebc6de6361e8499011b4cb6dab7
  MBXMapKit: ddbf1945d8f640f6db3411a41ffcfe1b132497a5
  MHPrettyDate: 0486e5e1ddff296748b7a71cd78c9cc785a80cc5
  Parse: 3739f0b211c49115bad96d6b0969b804d4da2f24
  SGNavigationProgress: 2655bbd72c8efee62ed258873c7beb3bbd0a5c76

COCOAPODS: 0.32.1
