// !$*UTF8*$!
{
	archiveVersion = 1;
	classes = {
	};
	objectVersion = 46;
	objects = {

/* Begin PBXBuildFile section */
		17602A8C18FA416C0048B9E0 /* ChatRoomApi.m in Sources */ = {isa = PBXBuildFile; fileRef = 17602A8B18FA416C0048B9E0 /* ChatRoomApi.m */; };
		17602A9018FB51FB0048B9E0 /* ChatroomTabBarController.m in Sources */ = {isa = PBXBuildFile; fileRef = 17602A8E18FB51FB0048B9E0 /* ChatroomTabBarController.m */; };
		17602A9118FB51FB0048B9E0 /* ChatroomTabBarController.xib in Resources */ = {isa = PBXBuildFile; fileRef = 17602A8F18FB51FB0048B9E0 /* ChatroomTabBarController.xib */; };
		17602A9518FB52180048B9E0 /* MainSettingsViewController.m in Sources */ = {isa = PBXBuildFile; fileRef = 17602A9318FB52180048B9E0 /* MainSettingsViewController.m */; };
		17602A9618FB52180048B9E0 /* MainSettingsViewController.xib in Resources */ = {isa = PBXBuildFile; fileRef = 17602A9418FB52180048B9E0 /* MainSettingsViewController.xib */; };
		17602A9918FB54190048B9E0 /* MessageApi.m in Sources */ = {isa = PBXBuildFile; fileRef = 17602A9818FB54190048B9E0 /* MessageApi.m */; };
		17602A9C18FB54250048B9E0 /* UserApi.m in Sources */ = {isa = PBXBuildFile; fileRef = 17602A9B18FB54250048B9E0 /* UserApi.m */; };
		CA105B4A18ECFA6300F78D28 /* Foundation.framework in Frameworks */ = {isa = PBXBuildFile; fileRef = CA105B4918ECFA6300F78D28 /* Foundation.framework */; };
		CA105B4C18ECFA6300F78D28 /* CoreGraphics.framework in Frameworks */ = {isa = PBXBuildFile; fileRef = CA105B4B18ECFA6300F78D28 /* CoreGraphics.framework */; };
		CA105B4E18ECFA6300F78D28 /* UIKit.framework in Frameworks */ = {isa = PBXBuildFile; fileRef = CA105B4D18ECFA6300F78D28 /* UIKit.framework */; };
		CA105B5418ECFA6300F78D28 /* InfoPlist.strings in Resources */ = {isa = PBXBuildFile; fileRef = CA105B5218ECFA6300F78D28 /* InfoPlist.strings */; };
		CA105B5618ECFA6300F78D28 /* main.m in Sources */ = {isa = PBXBuildFile; fileRef = CA105B5518ECFA6300F78D28 /* main.m */; };
		CA105B5A18ECFA6300F78D28 /* AppDelegate.m in Sources */ = {isa = PBXBuildFile; fileRef = CA105B5918ECFA6300F78D28 /* AppDelegate.m */; };
		CA105B5C18ECFA6300F78D28 /* Images.xcassets in Resources */ = {isa = PBXBuildFile; fileRef = CA105B5B18ECFA6300F78D28 /* Images.xcassets */; };
		CA105B6318ECFA6400F78D28 /* XCTest.framework in Frameworks */ = {isa = PBXBuildFile; fileRef = CA105B6218ECFA6400F78D28 /* XCTest.framework */; };
		CA105B6418ECFA6400F78D28 /* Foundation.framework in Frameworks */ = {isa = PBXBuildFile; fileRef = CA105B4918ECFA6300F78D28 /* Foundation.framework */; };
		CA105B6518ECFA6400F78D28 /* UIKit.framework in Frameworks */ = {isa = PBXBuildFile; fileRef = CA105B4D18ECFA6300F78D28 /* UIKit.framework */; };
		CA105B6D18ECFA6400F78D28 /* InfoPlist.strings in Resources */ = {isa = PBXBuildFile; fileRef = CA105B6B18ECFA6400F78D28 /* InfoPlist.strings */; };
		CA105B6F18ECFA6400F78D28 /* HeresayTests.m in Sources */ = {isa = PBXBuildFile; fileRef = CA105B6E18ECFA6400F78D28 /* HeresayTests.m */; };
		CA5EDAD218F7AEF000C3A09B /* MapKit.framework in Frameworks */ = {isa = PBXBuildFile; fileRef = CA5EDAD118F7AEF000C3A09B /* MapKit.framework */; };
		CA5EDAD618F7B1E800C3A09B /* LocationManager.m in Sources */ = {isa = PBXBuildFile; fileRef = CA5EDAD518F7B1E800C3A09B /* LocationManager.m */; };
		CA5EDADA18F7B6CE00C3A09B /* IntroViewController.m in Sources */ = {isa = PBXBuildFile; fileRef = CA5EDAD818F7B6CE00C3A09B /* IntroViewController.m */; };
		CA5EDADB18F7B6CE00C3A09B /* IntroViewController.xib in Resources */ = {isa = PBXBuildFile; fileRef = CA5EDAD918F7B6CE00C3A09B /* IntroViewController.xib */; };
		CA5EDADE18F7C7CE00C3A09B /* ChatroomSelectorDelegate.m in Sources */ = {isa = PBXBuildFile; fileRef = CA5EDADD18F7C7CE00C3A09B /* ChatroomSelectorDelegate.m */; };
		CA5EDAE218F7CC9F00C3A09B /* LoginViewController.m in Sources */ = {isa = PBXBuildFile; fileRef = CA5EDAE018F7CC9F00C3A09B /* LoginViewController.m */; };
		CA5EDAE318F7CC9F00C3A09B /* LoginViewController.xib in Resources */ = {isa = PBXBuildFile; fileRef = CA5EDAE118F7CC9F00C3A09B /* LoginViewController.xib */; };
		CAD8814018F9B09F00FC3646 /* DummyDataProvider.m in Sources */ = {isa = PBXBuildFile; fileRef = CAD8813F18F9B09F00FC3646 /* DummyDataProvider.m */; };
		CAD8814218F9C55000FC3646 /* dummyData.json in Resources */ = {isa = PBXBuildFile; fileRef = CAD8814118F9C55000FC3646 /* dummyData.json */; };
		CAD8816918FE4F2900FC3646 /* ChatroomMapOverlay.m in Sources */ = {isa = PBXBuildFile; fileRef = CAD8816818FE4F2900FC3646 /* ChatroomMapOverlay.m */; };
		E99EA19B18FAFD9A0020F8EE /* ChatroomViewController.m in Sources */ = {isa = PBXBuildFile; fileRef = E99EA19918FAFD9A0020F8EE /* ChatroomViewController.m */; };
		E99EA19C18FAFD9A0020F8EE /* ChatroomViewController.xib in Resources */ = {isa = PBXBuildFile; fileRef = E99EA19A18FAFD9A0020F8EE /* ChatroomViewController.xib */; };
		E9DB5C2E18EE81A9007B2C84 /* Chatroom.m in Sources */ = {isa = PBXBuildFile; fileRef = E9DB5C2D18EE81A9007B2C84 /* Chatroom.m */; };
		E9DB5C3118EE81BE007B2C84 /* User.m in Sources */ = {isa = PBXBuildFile; fileRef = E9DB5C3018EE81BE007B2C84 /* User.m */; };
		E9DB5C3418EE81CC007B2C84 /* Message.m in Sources */ = {isa = PBXBuildFile; fileRef = E9DB5C3318EE81CC007B2C84 /* Message.m */; };
		E9DB5C3818EE81FB007B2C84 /* ChatroomListViewController.m in Sources */ = {isa = PBXBuildFile; fileRef = E9DB5C3618EE81FB007B2C84 /* ChatroomListViewController.m */; };
		E9DB5C3918EE81FB007B2C84 /* ChatroomListViewController.xib in Resources */ = {isa = PBXBuildFile; fileRef = E9DB5C3718EE81FB007B2C84 /* ChatroomListViewController.xib */; };
		E9DB5C3D18EE82B9007B2C84 /* ChatroomMapViewController.m in Sources */ = {isa = PBXBuildFile; fileRef = E9DB5C3B18EE82B9007B2C84 /* ChatroomMapViewController.m */; };
		E9DB5C3E18EE82B9007B2C84 /* ChatroomMapViewController.xib in Resources */ = {isa = PBXBuildFile; fileRef = E9DB5C3C18EE82B9007B2C84 /* ChatroomMapViewController.xib */; };
		E9DB5C4718EE82EE007B2C84 /* InviteUserViewController.m in Sources */ = {isa = PBXBuildFile; fileRef = E9DB5C4518EE82EE007B2C84 /* InviteUserViewController.m */; };
		E9DB5C4818EE82EE007B2C84 /* InviteUserViewController.xib in Resources */ = {isa = PBXBuildFile; fileRef = E9DB5C4618EE82EE007B2C84 /* InviteUserViewController.xib */; };
		E9DB5C4B18EE8351007B2C84 /* ChatroomViewCell.m in Sources */ = {isa = PBXBuildFile; fileRef = E9DB5C4A18EE8351007B2C84 /* ChatroomViewCell.m */; };
		E9DB5C4D18EE8365007B2C84 /* ChatroomViewCell.xib in Resources */ = {isa = PBXBuildFile; fileRef = E9DB5C4C18EE8365007B2C84 /* ChatroomViewCell.xib */; };
		E9DB5C5018EE83D4007B2C84 /* UserListView.m in Sources */ = {isa = PBXBuildFile; fileRef = E9DB5C4F18EE83D4007B2C84 /* UserListView.m */; };
		E9DB5C5218EE83E8007B2C84 /* UserListView.xib in Resources */ = {isa = PBXBuildFile; fileRef = E9DB5C5118EE83E8007B2C84 /* UserListView.xib */; };
		E9DB5C5518EE8418007B2C84 /* InviteUserViewCell.m in Sources */ = {isa = PBXBuildFile; fileRef = E9DB5C5418EE8418007B2C84 /* InviteUserViewCell.m */; };
		E9DB5C5718EE8435007B2C84 /* InviteUserViewCell.xib in Resources */ = {isa = PBXBuildFile; fileRef = E9DB5C5618EE8435007B2C84 /* InviteUserViewCell.xib */; };
		E9DB5C5A18EE8490007B2C84 /* InviteListAccountViewCell.m in Sources */ = {isa = PBXBuildFile; fileRef = E9DB5C5918EE8490007B2C84 /* InviteListAccountViewCell.m */; };
		E9DB5C5C18EE84BA007B2C84 /* InviteListAccountViewCell.xib in Resources */ = {isa = PBXBuildFile; fileRef = E9DB5C5B18EE84BA007B2C84 /* InviteListAccountViewCell.xib */; };
		E9DB5C5F18EE8551007B2C84 /* NewChatroomViewCell.m in Sources */ = {isa = PBXBuildFile; fileRef = E9DB5C5E18EE8551007B2C84 /* NewChatroomViewCell.m */; };
		E9DB5C6118EE8566007B2C84 /* NewChatroomViewCell.xib in Resources */ = {isa = PBXBuildFile; fileRef = E9DB5C6018EE8566007B2C84 /* NewChatroomViewCell.xib */; };
		E9DB5C6418EE8674007B2C84 /* MessageViewCell.m in Sources */ = {isa = PBXBuildFile; fileRef = E9DB5C6318EE8674007B2C84 /* MessageViewCell.m */; };
		E9DB5C6618EE8680007B2C84 /* MessageViewCell.xib in Resources */ = {isa = PBXBuildFile; fileRef = E9DB5C6518EE8680007B2C84 /* MessageViewCell.xib */; };
		FC2126CDEA2A4F5E8B11227D /* libPods.a in Frameworks */ = {isa = PBXBuildFile; fileRef = 0F5EC7052AFA41239E2BC3E5 /* libPods.a */; };
/* End PBXBuildFile section */

/* Begin PBXContainerItemProxy section */
		CA105B6618ECFA6400F78D28 /* PBXContainerItemProxy */ = {
			isa = PBXContainerItemProxy;
			containerPortal = CA105B3E18ECFA6300F78D28 /* Project object */;
			proxyType = 1;
			remoteGlobalIDString = CA105B4518ECFA6300F78D28;
			remoteInfo = Heresay;
		};
/* End PBXContainerItemProxy section */

/* Begin PBXFileReference section */
		0F5EC7052AFA41239E2BC3E5 /* libPods.a */ = {isa = PBXFileReference; explicitFileType = archive.ar; includeInIndex = 0; path = libPods.a; sourceTree = BUILT_PRODUCTS_DIR; };
		17602A8A18FA416C0048B9E0 /* ChatRoomApi.h */ = {isa = PBXFileReference; fileEncoding = 4; lastKnownFileType = sourcecode.c.h; path = ChatRoomApi.h; sourceTree = "<group>"; };
		17602A8B18FA416C0048B9E0 /* ChatRoomApi.m */ = {isa = PBXFileReference; fileEncoding = 4; lastKnownFileType = sourcecode.c.objc; path = ChatRoomApi.m; sourceTree = "<group>"; };
		17602A8D18FB51FB0048B9E0 /* ChatroomTabBarController.h */ = {isa = PBXFileReference; fileEncoding = 4; lastKnownFileType = sourcecode.c.h; path = ChatroomTabBarController.h; sourceTree = "<group>"; };
		17602A8E18FB51FB0048B9E0 /* ChatroomTabBarController.m */ = {isa = PBXFileReference; fileEncoding = 4; lastKnownFileType = sourcecode.c.objc; path = ChatroomTabBarController.m; sourceTree = "<group>"; };
		17602A8F18FB51FB0048B9E0 /* ChatroomTabBarController.xib */ = {isa = PBXFileReference; fileEncoding = 4; lastKnownFileType = file.xib; path = ChatroomTabBarController.xib; sourceTree = "<group>"; };
		17602A9218FB52180048B9E0 /* MainSettingsViewController.h */ = {isa = PBXFileReference; fileEncoding = 4; lastKnownFileType = sourcecode.c.h; path = MainSettingsViewController.h; sourceTree = "<group>"; };
		17602A9318FB52180048B9E0 /* MainSettingsViewController.m */ = {isa = PBXFileReference; fileEncoding = 4; lastKnownFileType = sourcecode.c.objc; path = MainSettingsViewController.m; sourceTree = "<group>"; };
		17602A9418FB52180048B9E0 /* MainSettingsViewController.xib */ = {isa = PBXFileReference; fileEncoding = 4; lastKnownFileType = file.xib; path = MainSettingsViewController.xib; sourceTree = "<group>"; };
		17602A9718FB54190048B9E0 /* MessageApi.h */ = {isa = PBXFileReference; fileEncoding = 4; lastKnownFileType = sourcecode.c.h; path = MessageApi.h; sourceTree = "<group>"; };
		17602A9818FB54190048B9E0 /* MessageApi.m */ = {isa = PBXFileReference; fileEncoding = 4; lastKnownFileType = sourcecode.c.objc; path = MessageApi.m; sourceTree = "<group>"; };
		17602A9A18FB54250048B9E0 /* UserApi.h */ = {isa = PBXFileReference; fileEncoding = 4; lastKnownFileType = sourcecode.c.h; path = UserApi.h; sourceTree = "<group>"; };
		17602A9B18FB54250048B9E0 /* UserApi.m */ = {isa = PBXFileReference; fileEncoding = 4; lastKnownFileType = sourcecode.c.objc; path = UserApi.m; sourceTree = "<group>"; };
		BFB991D905884E70B8F0661E /* Pods.xcconfig */ = {isa = PBXFileReference; includeInIndex = 1; lastKnownFileType = text.xcconfig; name = Pods.xcconfig; path = Pods/Pods.xcconfig; sourceTree = "<group>"; };
		CA105B4618ECFA6300F78D28 /* Heresay.app */ = {isa = PBXFileReference; explicitFileType = wrapper.application; includeInIndex = 0; path = Heresay.app; sourceTree = BUILT_PRODUCTS_DIR; };
		CA105B4918ECFA6300F78D28 /* Foundation.framework */ = {isa = PBXFileReference; lastKnownFileType = wrapper.framework; name = Foundation.framework; path = System/Library/Frameworks/Foundation.framework; sourceTree = SDKROOT; };
		CA105B4B18ECFA6300F78D28 /* CoreGraphics.framework */ = {isa = PBXFileReference; lastKnownFileType = wrapper.framework; name = CoreGraphics.framework; path = System/Library/Frameworks/CoreGraphics.framework; sourceTree = SDKROOT; };
		CA105B4D18ECFA6300F78D28 /* UIKit.framework */ = {isa = PBXFileReference; lastKnownFileType = wrapper.framework; name = UIKit.framework; path = System/Library/Frameworks/UIKit.framework; sourceTree = SDKROOT; };
		CA105B5118ECFA6300F78D28 /* Heresay-Info.plist */ = {isa = PBXFileReference; lastKnownFileType = text.plist.xml; path = "Heresay-Info.plist"; sourceTree = "<group>"; };
		CA105B5318ECFA6300F78D28 /* en */ = {isa = PBXFileReference; lastKnownFileType = text.plist.strings; name = en; path = en.lproj/InfoPlist.strings; sourceTree = "<group>"; };
		CA105B5518ECFA6300F78D28 /* main.m */ = {isa = PBXFileReference; lastKnownFileType = sourcecode.c.objc; path = main.m; sourceTree = "<group>"; };
		CA105B5718ECFA6300F78D28 /* Heresay-Prefix.pch */ = {isa = PBXFileReference; lastKnownFileType = sourcecode.c.h; path = "Heresay-Prefix.pch"; sourceTree = "<group>"; };
		CA105B5818ECFA6300F78D28 /* AppDelegate.h */ = {isa = PBXFileReference; lastKnownFileType = sourcecode.c.h; path = AppDelegate.h; sourceTree = "<group>"; };
		CA105B5918ECFA6300F78D28 /* AppDelegate.m */ = {isa = PBXFileReference; lastKnownFileType = sourcecode.c.objc; path = AppDelegate.m; sourceTree = "<group>"; };
		CA105B5B18ECFA6300F78D28 /* Images.xcassets */ = {isa = PBXFileReference; lastKnownFileType = folder.assetcatalog; path = Images.xcassets; sourceTree = "<group>"; };
		CA105B6118ECFA6400F78D28 /* HeresayTests.xctest */ = {isa = PBXFileReference; explicitFileType = wrapper.cfbundle; includeInIndex = 0; path = HeresayTests.xctest; sourceTree = BUILT_PRODUCTS_DIR; };
		CA105B6218ECFA6400F78D28 /* XCTest.framework */ = {isa = PBXFileReference; lastKnownFileType = wrapper.framework; name = XCTest.framework; path = Library/Frameworks/XCTest.framework; sourceTree = DEVELOPER_DIR; };
		CA105B6A18ECFA6400F78D28 /* HeresayTests-Info.plist */ = {isa = PBXFileReference; lastKnownFileType = text.plist.xml; path = "HeresayTests-Info.plist"; sourceTree = "<group>"; };
		CA105B6C18ECFA6400F78D28 /* en */ = {isa = PBXFileReference; lastKnownFileType = text.plist.strings; name = en; path = en.lproj/InfoPlist.strings; sourceTree = "<group>"; };
		CA105B6E18ECFA6400F78D28 /* HeresayTests.m */ = {isa = PBXFileReference; lastKnownFileType = sourcecode.c.objc; path = HeresayTests.m; sourceTree = "<group>"; };
		CA5EDAD118F7AEF000C3A09B /* MapKit.framework */ = {isa = PBXFileReference; lastKnownFileType = wrapper.framework; name = MapKit.framework; path = System/Library/Frameworks/MapKit.framework; sourceTree = SDKROOT; };
		CA5EDAD418F7B1E800C3A09B /* LocationManager.h */ = {isa = PBXFileReference; fileEncoding = 4; lastKnownFileType = sourcecode.c.h; path = LocationManager.h; sourceTree = "<group>"; };
		CA5EDAD518F7B1E800C3A09B /* LocationManager.m */ = {isa = PBXFileReference; fileEncoding = 4; lastKnownFileType = sourcecode.c.objc; path = LocationManager.m; sourceTree = "<group>"; };
		CA5EDAD718F7B6CE00C3A09B /* IntroViewController.h */ = {isa = PBXFileReference; fileEncoding = 4; lastKnownFileType = sourcecode.c.h; path = IntroViewController.h; sourceTree = "<group>"; };
		CA5EDAD818F7B6CE00C3A09B /* IntroViewController.m */ = {isa = PBXFileReference; fileEncoding = 4; lastKnownFileType = sourcecode.c.objc; path = IntroViewController.m; sourceTree = "<group>"; };
		CA5EDAD918F7B6CE00C3A09B /* IntroViewController.xib */ = {isa = PBXFileReference; fileEncoding = 4; lastKnownFileType = file.xib; path = IntroViewController.xib; sourceTree = "<group>"; };
		CA5EDADC18F7C7CE00C3A09B /* ChatroomSelectorDelegate.h */ = {isa = PBXFileReference; fileEncoding = 4; lastKnownFileType = sourcecode.c.h; path = ChatroomSelectorDelegate.h; sourceTree = "<group>"; };
		CA5EDADD18F7C7CE00C3A09B /* ChatroomSelectorDelegate.m */ = {isa = PBXFileReference; fileEncoding = 4; lastKnownFileType = sourcecode.c.objc; path = ChatroomSelectorDelegate.m; sourceTree = "<group>"; };
		CA5EDADF18F7CC9F00C3A09B /* LoginViewController.h */ = {isa = PBXFileReference; fileEncoding = 4; lastKnownFileType = sourcecode.c.h; path = LoginViewController.h; sourceTree = "<group>"; };
		CA5EDAE018F7CC9F00C3A09B /* LoginViewController.m */ = {isa = PBXFileReference; fileEncoding = 4; lastKnownFileType = sourcecode.c.objc; path = LoginViewController.m; sourceTree = "<group>"; };
		CA5EDAE118F7CC9F00C3A09B /* LoginViewController.xib */ = {isa = PBXFileReference; fileEncoding = 4; lastKnownFileType = file.xib; path = LoginViewController.xib; sourceTree = "<group>"; };
		CAD8813E18F9B09F00FC3646 /* DummyDataProvider.h */ = {isa = PBXFileReference; fileEncoding = 4; lastKnownFileType = sourcecode.c.h; path = DummyDataProvider.h; sourceTree = "<group>"; };
		CAD8813F18F9B09F00FC3646 /* DummyDataProvider.m */ = {isa = PBXFileReference; fileEncoding = 4; lastKnownFileType = sourcecode.c.objc; path = DummyDataProvider.m; sourceTree = "<group>"; };
		CAD8814118F9C55000FC3646 /* dummyData.json */ = {isa = PBXFileReference; fileEncoding = 4; lastKnownFileType = text.json; path = dummyData.json; sourceTree = "<group>"; };
		CAD8816718FE4F2900FC3646 /* ChatroomMapOverlay.h */ = {isa = PBXFileReference; fileEncoding = 4; lastKnownFileType = sourcecode.c.h; path = ChatroomMapOverlay.h; sourceTree = "<group>"; };
		CAD8816818FE4F2900FC3646 /* ChatroomMapOverlay.m */ = {isa = PBXFileReference; fileEncoding = 4; lastKnownFileType = sourcecode.c.objc; path = ChatroomMapOverlay.m; sourceTree = "<group>"; };
		E99EA19818FAFD9A0020F8EE /* ChatroomViewController.h */ = {isa = PBXFileReference; fileEncoding = 4; lastKnownFileType = sourcecode.c.h; path = ChatroomViewController.h; sourceTree = "<group>"; };
		E99EA19918FAFD9A0020F8EE /* ChatroomViewController.m */ = {isa = PBXFileReference; fileEncoding = 4; lastKnownFileType = sourcecode.c.objc; path = ChatroomViewController.m; sourceTree = "<group>"; };
		E99EA19A18FAFD9A0020F8EE /* ChatroomViewController.xib */ = {isa = PBXFileReference; fileEncoding = 4; lastKnownFileType = file.xib; path = ChatroomViewController.xib; sourceTree = "<group>"; };
		E9DB5C2C18EE81A9007B2C84 /* Chatroom.h */ = {isa = PBXFileReference; fileEncoding = 4; lastKnownFileType = sourcecode.c.h; path = Chatroom.h; sourceTree = "<group>"; };
		E9DB5C2D18EE81A9007B2C84 /* Chatroom.m */ = {isa = PBXFileReference; fileEncoding = 4; lastKnownFileType = sourcecode.c.objc; path = Chatroom.m; sourceTree = "<group>"; };
		E9DB5C2F18EE81BE007B2C84 /* User.h */ = {isa = PBXFileReference; fileEncoding = 4; lastKnownFileType = sourcecode.c.h; path = User.h; sourceTree = "<group>"; };
		E9DB5C3018EE81BE007B2C84 /* User.m */ = {isa = PBXFileReference; fileEncoding = 4; lastKnownFileType = sourcecode.c.objc; path = User.m; sourceTree = "<group>"; };
		E9DB5C3218EE81CC007B2C84 /* Message.h */ = {isa = PBXFileReference; fileEncoding = 4; lastKnownFileType = sourcecode.c.h; path = Message.h; sourceTree = "<group>"; };
		E9DB5C3318EE81CC007B2C84 /* Message.m */ = {isa = PBXFileReference; fileEncoding = 4; lastKnownFileType = sourcecode.c.objc; path = Message.m; sourceTree = "<group>"; };
		E9DB5C3518EE81FB007B2C84 /* ChatroomListViewController.h */ = {isa = PBXFileReference; fileEncoding = 4; lastKnownFileType = sourcecode.c.h; path = ChatroomListViewController.h; sourceTree = "<group>"; };
		E9DB5C3618EE81FB007B2C84 /* ChatroomListViewController.m */ = {isa = PBXFileReference; fileEncoding = 4; lastKnownFileType = sourcecode.c.objc; path = ChatroomListViewController.m; sourceTree = "<group>"; };
		E9DB5C3718EE81FB007B2C84 /* ChatroomListViewController.xib */ = {isa = PBXFileReference; fileEncoding = 4; lastKnownFileType = file.xib; path = ChatroomListViewController.xib; sourceTree = "<group>"; };
		E9DB5C3A18EE82B9007B2C84 /* ChatroomMapViewController.h */ = {isa = PBXFileReference; fileEncoding = 4; lastKnownFileType = sourcecode.c.h; path = ChatroomMapViewController.h; sourceTree = "<group>"; };
		E9DB5C3B18EE82B9007B2C84 /* ChatroomMapViewController.m */ = {isa = PBXFileReference; fileEncoding = 4; lastKnownFileType = sourcecode.c.objc; path = ChatroomMapViewController.m; sourceTree = "<group>"; };
		E9DB5C3C18EE82B9007B2C84 /* ChatroomMapViewController.xib */ = {isa = PBXFileReference; fileEncoding = 4; lastKnownFileType = file.xib; path = ChatroomMapViewController.xib; sourceTree = "<group>"; };
		E9DB5C4418EE82EE007B2C84 /* InviteUserViewController.h */ = {isa = PBXFileReference; fileEncoding = 4; lastKnownFileType = sourcecode.c.h; path = InviteUserViewController.h; sourceTree = "<group>"; };
		E9DB5C4518EE82EE007B2C84 /* InviteUserViewController.m */ = {isa = PBXFileReference; fileEncoding = 4; lastKnownFileType = sourcecode.c.objc; path = InviteUserViewController.m; sourceTree = "<group>"; };
		E9DB5C4618EE82EE007B2C84 /* InviteUserViewController.xib */ = {isa = PBXFileReference; fileEncoding = 4; lastKnownFileType = file.xib; path = InviteUserViewController.xib; sourceTree = "<group>"; };
		E9DB5C4918EE8351007B2C84 /* ChatroomViewCell.h */ = {isa = PBXFileReference; fileEncoding = 4; lastKnownFileType = sourcecode.c.h; path = ChatroomViewCell.h; sourceTree = "<group>"; };
		E9DB5C4A18EE8351007B2C84 /* ChatroomViewCell.m */ = {isa = PBXFileReference; fileEncoding = 4; lastKnownFileType = sourcecode.c.objc; path = ChatroomViewCell.m; sourceTree = "<group>"; };
		E9DB5C4C18EE8365007B2C84 /* ChatroomViewCell.xib */ = {isa = PBXFileReference; fileEncoding = 4; lastKnownFileType = file.xib; path = ChatroomViewCell.xib; sourceTree = "<group>"; };
		E9DB5C4E18EE83D4007B2C84 /* UserListView.h */ = {isa = PBXFileReference; fileEncoding = 4; lastKnownFileType = sourcecode.c.h; path = UserListView.h; sourceTree = "<group>"; };
		E9DB5C4F18EE83D4007B2C84 /* UserListView.m */ = {isa = PBXFileReference; fileEncoding = 4; lastKnownFileType = sourcecode.c.objc; path = UserListView.m; sourceTree = "<group>"; };
		E9DB5C5118EE83E8007B2C84 /* UserListView.xib */ = {isa = PBXFileReference; fileEncoding = 4; lastKnownFileType = file.xib; path = UserListView.xib; sourceTree = "<group>"; };
		E9DB5C5318EE8418007B2C84 /* InviteUserViewCell.h */ = {isa = PBXFileReference; fileEncoding = 4; lastKnownFileType = sourcecode.c.h; path = InviteUserViewCell.h; sourceTree = "<group>"; };
		E9DB5C5418EE8418007B2C84 /* InviteUserViewCell.m */ = {isa = PBXFileReference; fileEncoding = 4; lastKnownFileType = sourcecode.c.objc; path = InviteUserViewCell.m; sourceTree = "<group>"; };
		E9DB5C5618EE8435007B2C84 /* InviteUserViewCell.xib */ = {isa = PBXFileReference; fileEncoding = 4; lastKnownFileType = file.xib; path = InviteUserViewCell.xib; sourceTree = "<group>"; };
		E9DB5C5818EE8490007B2C84 /* InviteListAccountViewCell.h */ = {isa = PBXFileReference; fileEncoding = 4; lastKnownFileType = sourcecode.c.h; path = InviteListAccountViewCell.h; sourceTree = "<group>"; };
		E9DB5C5918EE8490007B2C84 /* InviteListAccountViewCell.m */ = {isa = PBXFileReference; fileEncoding = 4; lastKnownFileType = sourcecode.c.objc; path = InviteListAccountViewCell.m; sourceTree = "<group>"; };
		E9DB5C5B18EE84BA007B2C84 /* InviteListAccountViewCell.xib */ = {isa = PBXFileReference; fileEncoding = 4; lastKnownFileType = file.xib; path = InviteListAccountViewCell.xib; sourceTree = "<group>"; };
		E9DB5C5D18EE8551007B2C84 /* NewChatroomViewCell.h */ = {isa = PBXFileReference; fileEncoding = 4; lastKnownFileType = sourcecode.c.h; path = NewChatroomViewCell.h; sourceTree = "<group>"; };
		E9DB5C5E18EE8551007B2C84 /* NewChatroomViewCell.m */ = {isa = PBXFileReference; fileEncoding = 4; lastKnownFileType = sourcecode.c.objc; path = NewChatroomViewCell.m; sourceTree = "<group>"; };
		E9DB5C6018EE8566007B2C84 /* NewChatroomViewCell.xib */ = {isa = PBXFileReference; fileEncoding = 4; lastKnownFileType = file.xib; path = NewChatroomViewCell.xib; sourceTree = "<group>"; };
		E9DB5C6218EE8674007B2C84 /* MessageViewCell.h */ = {isa = PBXFileReference; fileEncoding = 4; lastKnownFileType = sourcecode.c.h; path = MessageViewCell.h; sourceTree = "<group>"; };
		E9DB5C6318EE8674007B2C84 /* MessageViewCell.m */ = {isa = PBXFileReference; fileEncoding = 4; lastKnownFileType = sourcecode.c.objc; path = MessageViewCell.m; sourceTree = "<group>"; };
		E9DB5C6518EE8680007B2C84 /* MessageViewCell.xib */ = {isa = PBXFileReference; fileEncoding = 4; lastKnownFileType = file.xib; path = MessageViewCell.xib; sourceTree = "<group>"; };
/* End PBXFileReference section */

/* Begin PBXFrameworksBuildPhase section */
		CA105B4318ECFA6300F78D28 /* Frameworks */ = {
			isa = PBXFrameworksBuildPhase;
			buildActionMask = 2147483647;
			files = (
				CA5EDAD218F7AEF000C3A09B /* MapKit.framework in Frameworks */,
				CA105B4C18ECFA6300F78D28 /* CoreGraphics.framework in Frameworks */,
				CA105B4E18ECFA6300F78D28 /* UIKit.framework in Frameworks */,
				CA105B4A18ECFA6300F78D28 /* Foundation.framework in Frameworks */,
				FC2126CDEA2A4F5E8B11227D /* libPods.a in Frameworks */,
			);
			runOnlyForDeploymentPostprocessing = 0;
		};
		CA105B5E18ECFA6400F78D28 /* Frameworks */ = {
			isa = PBXFrameworksBuildPhase;
			buildActionMask = 2147483647;
			files = (
				CA105B6318ECFA6400F78D28 /* XCTest.framework in Frameworks */,
				CA105B6518ECFA6400F78D28 /* UIKit.framework in Frameworks */,
				CA105B6418ECFA6400F78D28 /* Foundation.framework in Frameworks */,
			);
			runOnlyForDeploymentPostprocessing = 0;
		};
/* End PBXFrameworksBuildPhase section */

/* Begin PBXGroup section */
		17602A8918FA41350048B9E0 /* api */ = {
			isa = PBXGroup;
			children = (
				17602A8A18FA416C0048B9E0 /* ChatRoomApi.h */,
				17602A8B18FA416C0048B9E0 /* ChatRoomApi.m */,
				17602A9718FB54190048B9E0 /* MessageApi.h */,
				17602A9818FB54190048B9E0 /* MessageApi.m */,
				17602A9A18FB54250048B9E0 /* UserApi.h */,
				17602A9B18FB54250048B9E0 /* UserApi.m */,
			);
			name = api;
			sourceTree = "<group>";
		};
		CA105B3D18ECFA6300F78D28 = {
			isa = PBXGroup;
			children = (
				CA105B4F18ECFA6300F78D28 /* Heresay */,
				CA105B6818ECFA6400F78D28 /* HeresayTests */,
				CA105B4818ECFA6300F78D28 /* Frameworks */,
				CA105B4718ECFA6300F78D28 /* Products */,
				BFB991D905884E70B8F0661E /* Pods.xcconfig */,
			);
			sourceTree = "<group>";
		};
		CA105B4718ECFA6300F78D28 /* Products */ = {
			isa = PBXGroup;
			children = (
				CA105B4618ECFA6300F78D28 /* Heresay.app */,
				CA105B6118ECFA6400F78D28 /* HeresayTests.xctest */,
			);
			name = Products;
			sourceTree = "<group>";
		};
		CA105B4818ECFA6300F78D28 /* Frameworks */ = {
			isa = PBXGroup;
			children = (
				CA5EDAD118F7AEF000C3A09B /* MapKit.framework */,
				CA105B4918ECFA6300F78D28 /* Foundation.framework */,
				CA105B4B18ECFA6300F78D28 /* CoreGraphics.framework */,
				CA105B4D18ECFA6300F78D28 /* UIKit.framework */,
				CA105B6218ECFA6400F78D28 /* XCTest.framework */,
				0F5EC7052AFA41239E2BC3E5 /* libPods.a */,
			);
			name = Frameworks;
			sourceTree = "<group>";
		};
		CA105B4F18ECFA6300F78D28 /* Heresay */ = {
			isa = PBXGroup;
			children = (
				17602A8918FA41350048B9E0 /* api */,
				E9DB5C2918EE8145007B2C84 /* Models */,
				CA5EDAD318F7B1D100C3A09B /* Controllers */,
				E9DB5C2B18EE8179007B2C84 /* Views */,
				E9DB5C2A18EE8158007B2C84 /* ViewControllers */,
				CAD8816618FE4EF900FC3646 /* ChatroomMap */,
				CA105B5818ECFA6300F78D28 /* AppDelegate.h */,
				CA105B5918ECFA6300F78D28 /* AppDelegate.m */,
				CAD8814118F9C55000FC3646 /* dummyData.json */,
				CA105B5B18ECFA6300F78D28 /* Images.xcassets */,
				CA105B5018ECFA6300F78D28 /* Supporting Files */,
			);
			path = Heresay;
			sourceTree = "<group>";
		};
		CA105B5018ECFA6300F78D28 /* Supporting Files */ = {
			isa = PBXGroup;
			children = (
				CA105B5118ECFA6300F78D28 /* Heresay-Info.plist */,
				CA105B5218ECFA6300F78D28 /* InfoPlist.strings */,
				CA105B5518ECFA6300F78D28 /* main.m */,
				CA105B5718ECFA6300F78D28 /* Heresay-Prefix.pch */,
			);
			name = "Supporting Files";
			sourceTree = "<group>";
		};
		CA105B6818ECFA6400F78D28 /* HeresayTests */ = {
			isa = PBXGroup;
			children = (
				CA105B6E18ECFA6400F78D28 /* HeresayTests.m */,
				CA105B6918ECFA6400F78D28 /* Supporting Files */,
			);
			path = HeresayTests;
			sourceTree = "<group>";
		};
		CA105B6918ECFA6400F78D28 /* Supporting Files */ = {
			isa = PBXGroup;
			children = (
				CA105B6A18ECFA6400F78D28 /* HeresayTests-Info.plist */,
				CA105B6B18ECFA6400F78D28 /* InfoPlist.strings */,
			);
			name = "Supporting Files";
			sourceTree = "<group>";
		};
		CA5EDAD318F7B1D100C3A09B /* Controllers */ = {
			isa = PBXGroup;
			children = (
				CA5EDAD418F7B1E800C3A09B /* LocationManager.h */,
				CA5EDAD518F7B1E800C3A09B /* LocationManager.m */,
				CA5EDADC18F7C7CE00C3A09B /* ChatroomSelectorDelegate.h */,
				CA5EDADD18F7C7CE00C3A09B /* ChatroomSelectorDelegate.m */,
				CAD8813E18F9B09F00FC3646 /* DummyDataProvider.h */,
				CAD8813F18F9B09F00FC3646 /* DummyDataProvider.m */,
			);
			name = Controllers;
			sourceTree = "<group>";
		};
		CAD8816618FE4EF900FC3646 /* ChatroomMap */ = {
			isa = PBXGroup;
			children = (
				CAD8816718FE4F2900FC3646 /* ChatroomMapOverlay.h */,
				CAD8816818FE4F2900FC3646 /* ChatroomMapOverlay.m */,
			);
			name = ChatroomMap;
			sourceTree = "<group>";
		};
		E9DB5C2918EE8145007B2C84 /* Models */ = {
			isa = PBXGroup;
			children = (
				E9DB5C2C18EE81A9007B2C84 /* Chatroom.h */,
				E9DB5C2D18EE81A9007B2C84 /* Chatroom.m */,
				E9DB5C2F18EE81BE007B2C84 /* User.h */,
				E9DB5C3018EE81BE007B2C84 /* User.m */,
				E9DB5C3218EE81CC007B2C84 /* Message.h */,
				E9DB5C3318EE81CC007B2C84 /* Message.m */,
			);
			name = Models;
			sourceTree = "<group>";
		};
		E9DB5C2A18EE8158007B2C84 /* ViewControllers */ = {
			isa = PBXGroup;
			children = (
				17602A9218FB52180048B9E0 /* MainSettingsViewController.h */,
				17602A9318FB52180048B9E0 /* MainSettingsViewController.m */,
				17602A9418FB52180048B9E0 /* MainSettingsViewController.xib */,
				17602A8D18FB51FB0048B9E0 /* ChatroomTabBarController.h */,
				17602A8E18FB51FB0048B9E0 /* ChatroomTabBarController.m */,
				17602A8F18FB51FB0048B9E0 /* ChatroomTabBarController.xib */,
				E9DB5C3518EE81FB007B2C84 /* ChatroomListViewController.h */,
				E9DB5C3618EE81FB007B2C84 /* ChatroomListViewController.m */,
				E9DB5C3718EE81FB007B2C84 /* ChatroomListViewController.xib */,
				E9DB5C3A18EE82B9007B2C84 /* ChatroomMapViewController.h */,
				E9DB5C3B18EE82B9007B2C84 /* ChatroomMapViewController.m */,
				E9DB5C3C18EE82B9007B2C84 /* ChatroomMapViewController.xib */,
				E9DB5C4418EE82EE007B2C84 /* InviteUserViewController.h */,
				E9DB5C4518EE82EE007B2C84 /* InviteUserViewController.m */,
				E9DB5C4618EE82EE007B2C84 /* InviteUserViewController.xib */,
				CA5EDAD718F7B6CE00C3A09B /* IntroViewController.h */,
				CA5EDAD818F7B6CE00C3A09B /* IntroViewController.m */,
				CA5EDAD918F7B6CE00C3A09B /* IntroViewController.xib */,
				CA5EDADF18F7CC9F00C3A09B /* LoginViewController.h */,
				CA5EDAE018F7CC9F00C3A09B /* LoginViewController.m */,
				CA5EDAE118F7CC9F00C3A09B /* LoginViewController.xib */,
				E99EA19818FAFD9A0020F8EE /* ChatroomViewController.h */,
				E99EA19918FAFD9A0020F8EE /* ChatroomViewController.m */,
				E99EA19A18FAFD9A0020F8EE /* ChatroomViewController.xib */,
			);
			name = ViewControllers;
			sourceTree = "<group>";
		};
		E9DB5C2B18EE8179007B2C84 /* Views */ = {
			isa = PBXGroup;
			children = (
				E9DB5C4918EE8351007B2C84 /* ChatroomViewCell.h */,
				E9DB5C4A18EE8351007B2C84 /* ChatroomViewCell.m */,
				E9DB5C4C18EE8365007B2C84 /* ChatroomViewCell.xib */,
				E9DB5C4E18EE83D4007B2C84 /* UserListView.h */,
				E9DB5C4F18EE83D4007B2C84 /* UserListView.m */,
				E9DB5C5118EE83E8007B2C84 /* UserListView.xib */,
				E9DB5C5318EE8418007B2C84 /* InviteUserViewCell.h */,
				E9DB5C5418EE8418007B2C84 /* InviteUserViewCell.m */,
				E9DB5C5618EE8435007B2C84 /* InviteUserViewCell.xib */,
				E9DB5C5818EE8490007B2C84 /* InviteListAccountViewCell.h */,
				E9DB5C5918EE8490007B2C84 /* InviteListAccountViewCell.m */,
				E9DB5C5B18EE84BA007B2C84 /* InviteListAccountViewCell.xib */,
				E9DB5C5D18EE8551007B2C84 /* NewChatroomViewCell.h */,
				E9DB5C5E18EE8551007B2C84 /* NewChatroomViewCell.m */,
				E9DB5C6018EE8566007B2C84 /* NewChatroomViewCell.xib */,
				E9DB5C6218EE8674007B2C84 /* MessageViewCell.h */,
				E9DB5C6318EE8674007B2C84 /* MessageViewCell.m */,
				E9DB5C6518EE8680007B2C84 /* MessageViewCell.xib */,
			);
			name = Views;
			sourceTree = "<group>";
		};
/* End PBXGroup section */

/* Begin PBXNativeTarget section */
		CA105B4518ECFA6300F78D28 /* Heresay */ = {
			isa = PBXNativeTarget;
			buildConfigurationList = CA105B7218ECFA6400F78D28 /* Build configuration list for PBXNativeTarget "Heresay" */;
			buildPhases = (
				CA105B4218ECFA6300F78D28 /* Sources */,
				CA105B4318ECFA6300F78D28 /* Frameworks */,
				CA105B4418ECFA6300F78D28 /* Resources */,
			);
			buildRules = (
			);
			dependencies = (
			);
			name = Heresay;
			productName = Heresay;
			productReference = CA105B4618ECFA6300F78D28 /* Heresay.app */;
			productType = "com.apple.product-type.application";
		};
		CA105B6018ECFA6400F78D28 /* HeresayTests */ = {
			isa = PBXNativeTarget;
			buildConfigurationList = CA105B7518ECFA6400F78D28 /* Build configuration list for PBXNativeTarget "HeresayTests" */;
			buildPhases = (
				CA105B5D18ECFA6400F78D28 /* Sources */,
				CA105B5E18ECFA6400F78D28 /* Frameworks */,
				CA105B5F18ECFA6400F78D28 /* Resources */,
			);
			buildRules = (
			);
			dependencies = (
				CA105B6718ECFA6400F78D28 /* PBXTargetDependency */,
			);
			name = HeresayTests;
			productName = HeresayTests;
			productReference = CA105B6118ECFA6400F78D28 /* HeresayTests.xctest */;
			productType = "com.apple.product-type.bundle.unit-test";
		};
/* End PBXNativeTarget section */

/* Begin PBXProject section */
		CA105B3E18ECFA6300F78D28 /* Project object */ = {
			isa = PBXProject;
			attributes = {
				LastUpgradeCheck = 0510;
				ORGANIZATIONNAME = "Heresay Industries, Ltd.";
				TargetAttributes = {
					CA105B6018ECFA6400F78D28 = {
						TestTargetID = CA105B4518ECFA6300F78D28;
					};
				};
			};
			buildConfigurationList = CA105B4118ECFA6300F78D28 /* Build configuration list for PBXProject "Heresay" */;
			compatibilityVersion = "Xcode 3.2";
			developmentRegion = English;
			hasScannedForEncodings = 0;
			knownRegions = (
				en,
			);
			mainGroup = CA105B3D18ECFA6300F78D28;
			productRefGroup = CA105B4718ECFA6300F78D28 /* Products */;
			projectDirPath = "";
			projectRoot = "";
			targets = (
				CA105B4518ECFA6300F78D28 /* Heresay */,
				CA105B6018ECFA6400F78D28 /* HeresayTests */,
			);
		};
/* End PBXProject section */

/* Begin PBXResourcesBuildPhase section */
		CA105B4418ECFA6300F78D28 /* Resources */ = {
			isa = PBXResourcesBuildPhase;
			buildActionMask = 2147483647;
			files = (
				E9DB5C3E18EE82B9007B2C84 /* ChatroomMapViewController.xib in Resources */,
				CA105B5418ECFA6300F78D28 /* InfoPlist.strings in Resources */,
				CA105B5C18ECFA6300F78D28 /* Images.xcassets in Resources */,
				E9DB5C5C18EE84BA007B2C84 /* InviteListAccountViewCell.xib in Resources */,
				CA5EDAE318F7CC9F00C3A09B /* LoginViewController.xib in Resources */,
				E9DB5C3918EE81FB007B2C84 /* ChatroomListViewController.xib in Resources */,
				E9DB5C4818EE82EE007B2C84 /* InviteUserViewController.xib in Resources */,
				E9DB5C4D18EE8365007B2C84 /* ChatroomViewCell.xib in Resources */,
				E9DB5C6618EE8680007B2C84 /* MessageViewCell.xib in Resources */,
				E9DB5C6118EE8566007B2C84 /* NewChatroomViewCell.xib in Resources */,
				17602A9118FB51FB0048B9E0 /* ChatroomTabBarController.xib in Resources */,
				17602A9618FB52180048B9E0 /* MainSettingsViewController.xib in Resources */,
				CAD8814218F9C55000FC3646 /* dummyData.json in Resources */,
				CA5EDADB18F7B6CE00C3A09B /* IntroViewController.xib in Resources */,
				E9DB5C5718EE8435007B2C84 /* InviteUserViewCell.xib in Resources */,
				E99EA19C18FAFD9A0020F8EE /* ChatroomViewController.xib in Resources */,
				E9DB5C5218EE83E8007B2C84 /* UserListView.xib in Resources */,
			);
			runOnlyForDeploymentPostprocessing = 0;
		};
		CA105B5F18ECFA6400F78D28 /* Resources */ = {
			isa = PBXResourcesBuildPhase;
			buildActionMask = 2147483647;
			files = (
				CA105B6D18ECFA6400F78D28 /* InfoPlist.strings in Resources */,
			);
			runOnlyForDeploymentPostprocessing = 0;
		};
/* End PBXResourcesBuildPhase section */

/* Begin PBXSourcesBuildPhase section */
		CA105B4218ECFA6300F78D28 /* Sources */ = {
			isa = PBXSourcesBuildPhase;
			buildActionMask = 2147483647;
			files = (
				E9DB5C3118EE81BE007B2C84 /* User.m in Sources */,
				E9DB5C4718EE82EE007B2C84 /* InviteUserViewController.m in Sources */,
				E9DB5C3818EE81FB007B2C84 /* ChatroomListViewController.m in Sources */,
				17602A8C18FA416C0048B9E0 /* ChatRoomApi.m in Sources */,
				CAD8814018F9B09F00FC3646 /* DummyDataProvider.m in Sources */,
				CA5EDAE218F7CC9F00C3A09B /* LoginViewController.m in Sources */,
				CAD8816918FE4F2900FC3646 /* ChatroomMapOverlay.m in Sources */,
				17602A9018FB51FB0048B9E0 /* ChatroomTabBarController.m in Sources */,
				17602A9518FB52180048B9E0 /* MainSettingsViewController.m in Sources */,
				E9DB5C2E18EE81A9007B2C84 /* Chatroom.m in Sources */,
				E9DB5C5F18EE8551007B2C84 /* NewChatroomViewCell.m in Sources */,
				CA5EDADE18F7C7CE00C3A09B /* ChatroomSelectorDelegate.m in Sources */,
				E9DB5C4B18EE8351007B2C84 /* ChatroomViewCell.m in Sources */,
				CA5EDAD618F7B1E800C3A09B /* LocationManager.m in Sources */,
				E9DB5C5018EE83D4007B2C84 /* UserListView.m in Sources */,
				E9DB5C3418EE81CC007B2C84 /* Message.m in Sources */,
				E9DB5C5518EE8418007B2C84 /* InviteUserViewCell.m in Sources */,
				E9DB5C3D18EE82B9007B2C84 /* ChatroomMapViewController.m in Sources */,
				CA5EDADA18F7B6CE00C3A09B /* IntroViewController.m in Sources */,
				E9DB5C5A18EE8490007B2C84 /* InviteListAccountViewCell.m in Sources */,
				E9DB5C6418EE8674007B2C84 /* MessageViewCell.m in Sources */,
				E99EA19B18FAFD9A0020F8EE /* ChatroomViewController.m in Sources */,
				CA105B5A18ECFA6300F78D28 /* AppDelegate.m in Sources */,
				17602A9918FB54190048B9E0 /* MessageApi.m in Sources */,
				CA105B5618ECFA6300F78D28 /* main.m in Sources */,
				17602A9C18FB54250048B9E0 /* UserApi.m in Sources */,
			);
			runOnlyForDeploymentPostprocessing = 0;
		};
		CA105B5D18ECFA6400F78D28 /* Sources */ = {
			isa = PBXSourcesBuildPhase;
			buildActionMask = 2147483647;
			files = (
				CA105B6F18ECFA6400F78D28 /* HeresayTests.m in Sources */,
			);
			runOnlyForDeploymentPostprocessing = 0;
		};
/* End PBXSourcesBuildPhase section */

/* Begin PBXTargetDependency section */
		CA105B6718ECFA6400F78D28 /* PBXTargetDependency */ = {
			isa = PBXTargetDependency;
			target = CA105B4518ECFA6300F78D28 /* Heresay */;
			targetProxy = CA105B6618ECFA6400F78D28 /* PBXContainerItemProxy */;
		};
/* End PBXTargetDependency section */

/* Begin PBXVariantGroup section */
		CA105B5218ECFA6300F78D28 /* InfoPlist.strings */ = {
			isa = PBXVariantGroup;
			children = (
				CA105B5318ECFA6300F78D28 /* en */,
			);
			name = InfoPlist.strings;
			sourceTree = "<group>";
		};
		CA105B6B18ECFA6400F78D28 /* InfoPlist.strings */ = {
			isa = PBXVariantGroup;
			children = (
				CA105B6C18ECFA6400F78D28 /* en */,
			);
			name = InfoPlist.strings;
			sourceTree = "<group>";
		};
/* End PBXVariantGroup section */

/* Begin XCBuildConfiguration section */
		CA105B7018ECFA6400F78D28 /* Debug */ = {
			isa = XCBuildConfiguration;
			buildSettings = {
				ALWAYS_SEARCH_USER_PATHS = NO;
				CLANG_CXX_LANGUAGE_STANDARD = "gnu++0x";
				CLANG_CXX_LIBRARY = "libc++";
				CLANG_ENABLE_MODULES = YES;
				CLANG_ENABLE_OBJC_ARC = YES;
				CLANG_WARN_BOOL_CONVERSION = YES;
				CLANG_WARN_CONSTANT_CONVERSION = YES;
				CLANG_WARN_DIRECT_OBJC_ISA_USAGE = YES_ERROR;
				CLANG_WARN_EMPTY_BODY = YES;
				CLANG_WARN_ENUM_CONVERSION = YES;
				CLANG_WARN_INT_CONVERSION = YES;
				CLANG_WARN_OBJC_ROOT_CLASS = YES_ERROR;
				CLANG_WARN__DUPLICATE_METHOD_MATCH = YES;
				"CODE_SIGN_IDENTITY[sdk=iphoneos*]" = "iPhone Developer";
				COPY_PHASE_STRIP = NO;
				GCC_C_LANGUAGE_STANDARD = gnu99;
				GCC_DYNAMIC_NO_PIC = NO;
				GCC_OPTIMIZATION_LEVEL = 0;
				GCC_PREPROCESSOR_DEFINITIONS = (
					"DEBUG=1",
					"$(inherited)",
				);
				GCC_SYMBOLS_PRIVATE_EXTERN = NO;
				GCC_WARN_64_TO_32_BIT_CONVERSION = YES;
				GCC_WARN_ABOUT_RETURN_TYPE = YES_ERROR;
				GCC_WARN_UNDECLARED_SELECTOR = YES;
				GCC_WARN_UNINITIALIZED_AUTOS = YES_AGGRESSIVE;
				GCC_WARN_UNUSED_FUNCTION = YES;
				GCC_WARN_UNUSED_VARIABLE = YES;
				IPHONEOS_DEPLOYMENT_TARGET = 7.0;
				ONLY_ACTIVE_ARCH = YES;
				SDKROOT = iphoneos;
			};
			name = Debug;
		};
		CA105B7118ECFA6400F78D28 /* Release */ = {
			isa = XCBuildConfiguration;
			buildSettings = {
				ALWAYS_SEARCH_USER_PATHS = NO;
				CLANG_CXX_LANGUAGE_STANDARD = "gnu++0x";
				CLANG_CXX_LIBRARY = "libc++";
				CLANG_ENABLE_MODULES = YES;
				CLANG_ENABLE_OBJC_ARC = YES;
				CLANG_WARN_BOOL_CONVERSION = YES;
				CLANG_WARN_CONSTANT_CONVERSION = YES;
				CLANG_WARN_DIRECT_OBJC_ISA_USAGE = YES_ERROR;
				CLANG_WARN_EMPTY_BODY = YES;
				CLANG_WARN_ENUM_CONVERSION = YES;
				CLANG_WARN_INT_CONVERSION = YES;
				CLANG_WARN_OBJC_ROOT_CLASS = YES_ERROR;
				CLANG_WARN__DUPLICATE_METHOD_MATCH = YES;
				"CODE_SIGN_IDENTITY[sdk=iphoneos*]" = "iPhone Developer";
				COPY_PHASE_STRIP = YES;
				ENABLE_NS_ASSERTIONS = NO;
				GCC_C_LANGUAGE_STANDARD = gnu99;
				GCC_WARN_64_TO_32_BIT_CONVERSION = YES;
				GCC_WARN_ABOUT_RETURN_TYPE = YES_ERROR;
				GCC_WARN_UNDECLARED_SELECTOR = YES;
				GCC_WARN_UNINITIALIZED_AUTOS = YES_AGGRESSIVE;
				GCC_WARN_UNUSED_FUNCTION = YES;
				GCC_WARN_UNUSED_VARIABLE = YES;
				IPHONEOS_DEPLOYMENT_TARGET = 7.0;
				SDKROOT = iphoneos;
				VALIDATE_PRODUCT = YES;
			};
			name = Release;
		};
		CA105B7318ECFA6400F78D28 /* Debug */ = {
			isa = XCBuildConfiguration;
			baseConfigurationReference = BFB991D905884E70B8F0661E /* Pods.xcconfig */;
			buildSettings = {
				ASSETCATALOG_COMPILER_APPICON_NAME = AppIcon;
				ASSETCATALOG_COMPILER_LAUNCHIMAGE_NAME = LaunchImage;
				GCC_PRECOMPILE_PREFIX_HEADER = YES;
				GCC_PREFIX_HEADER = "Heresay/Heresay-Prefix.pch";
				INFOPLIST_FILE = "Heresay/Heresay-Info.plist";
				PRODUCT_NAME = "$(TARGET_NAME)";
				WRAPPER_EXTENSION = app;
			};
			name = Debug;
		};
		CA105B7418ECFA6400F78D28 /* Release */ = {
			isa = XCBuildConfiguration;
			baseConfigurationReference = BFB991D905884E70B8F0661E /* Pods.xcconfig */;
			buildSettings = {
				ASSETCATALOG_COMPILER_APPICON_NAME = AppIcon;
				ASSETCATALOG_COMPILER_LAUNCHIMAGE_NAME = LaunchImage;
				GCC_PRECOMPILE_PREFIX_HEADER = YES;
				GCC_PREFIX_HEADER = "Heresay/Heresay-Prefix.pch";
				INFOPLIST_FILE = "Heresay/Heresay-Info.plist";
				PRODUCT_NAME = "$(TARGET_NAME)";
				WRAPPER_EXTENSION = app;
			};
			name = Release;
		};
		CA105B7618ECFA6400F78D28 /* Debug */ = {
			isa = XCBuildConfiguration;
			buildSettings = {
				BUNDLE_LOADER = "$(BUILT_PRODUCTS_DIR)/Heresay.app/Heresay";
				FRAMEWORK_SEARCH_PATHS = (
					"$(SDKROOT)/Developer/Library/Frameworks",
					"$(inherited)",
					"$(DEVELOPER_FRAMEWORKS_DIR)",
				);
				GCC_PRECOMPILE_PREFIX_HEADER = YES;
				GCC_PREFIX_HEADER = "Heresay/Heresay-Prefix.pch";
				GCC_PREPROCESSOR_DEFINITIONS = (
					"DEBUG=1",
					"$(inherited)",
				);
				INFOPLIST_FILE = "HeresayTests/HeresayTests-Info.plist";
				PRODUCT_NAME = "$(TARGET_NAME)";
				TEST_HOST = "$(BUNDLE_LOADER)";
				WRAPPER_EXTENSION = xctest;
			};
			name = Debug;
		};
		CA105B7718ECFA6400F78D28 /* Release */ = {
			isa = XCBuildConfiguration;
			buildSettings = {
				BUNDLE_LOADER = "$(BUILT_PRODUCTS_DIR)/Heresay.app/Heresay";
				FRAMEWORK_SEARCH_PATHS = (
					"$(SDKROOT)/Developer/Library/Frameworks",
					"$(inherited)",
					"$(DEVELOPER_FRAMEWORKS_DIR)",
				);
				GCC_PRECOMPILE_PREFIX_HEADER = YES;
				GCC_PREFIX_HEADER = "Heresay/Heresay-Prefix.pch";
				INFOPLIST_FILE = "HeresayTests/HeresayTests-Info.plist";
				PRODUCT_NAME = "$(TARGET_NAME)";
				TEST_HOST = "$(BUNDLE_LOADER)";
				WRAPPER_EXTENSION = xctest;
			};
			name = Release;
		};
/* End XCBuildConfiguration section */

/* Begin XCConfigurationList section */
		CA105B4118ECFA6300F78D28 /* Build configuration list for PBXProject "Heresay" */ = {
			isa = XCConfigurationList;
			buildConfigurations = (
				CA105B7018ECFA6400F78D28 /* Debug */,
				CA105B7118ECFA6400F78D28 /* Release */,
			);
			defaultConfigurationIsVisible = 0;
			defaultConfigurationName = Release;
		};
		CA105B7218ECFA6400F78D28 /* Build configuration list for PBXNativeTarget "Heresay" */ = {
			isa = XCConfigurationList;
			buildConfigurations = (
				CA105B7318ECFA6400F78D28 /* Debug */,
				CA105B7418ECFA6400F78D28 /* Release */,
			);
			defaultConfigurationIsVisible = 0;
			defaultConfigurationName = Release;
		};
		CA105B7518ECFA6400F78D28 /* Build configuration list for PBXNativeTarget "HeresayTests" */ = {
			isa = XCConfigurationList;
			buildConfigurations = (
				CA105B7618ECFA6400F78D28 /* Debug */,
				CA105B7718ECFA6400F78D28 /* Release */,
			);
			defaultConfigurationIsVisible = 0;
			defaultConfigurationName = Release;
		};
/* End XCConfigurationList section */
	};
	rootObject = CA105B3E18ECFA6300F78D28 /* Project object */;
}
