// !$*UTF8*$!
{
	archiveVersion = 1;
	classes = {
	};
	objectVersion = 46;
	objects = {

/* Begin PBXBuildFile section */
		17602A8C18FA416C0048B9E0 /* ChatRoomApi.m in Sources */ = {isa = PBXBuildFile; fileRef = 17602A8B18FA416C0048B9E0 /* ChatRoomApi.m */; };
		17602A9518FB52180048B9E0 /* MainSettingsViewController.m in Sources */ = {isa = PBXBuildFile; fileRef = 17602A9318FB52180048B9E0 /* MainSettingsViewController.m */; };
		17602A9618FB52180048B9E0 /* MainSettingsViewController.xib in Resources */ = {isa = PBXBuildFile; fileRef = 17602A9418FB52180048B9E0 /* MainSettingsViewController.xib */; };
		17602A9918FB54190048B9E0 /* MessageApi.m in Sources */ = {isa = PBXBuildFile; fileRef = 17602A9818FB54190048B9E0 /* MessageApi.m */; };
		17602A9C18FB54250048B9E0 /* UserApi.m in Sources */ = {isa = PBXBuildFile; fileRef = 17602A9B18FB54250048B9E0 /* UserApi.m */; };
		CA105B4A18ECFA6300F78D28 /* Foundation.framework in Frameworks */ = {isa = PBXBuildFile; fileRef = CA105B4918ECFA6300F78D28 /* Foundation.framework */; };
		CA105B4C18ECFA6300F78D28 /* CoreGraphics.framework in Frameworks */ = {isa = PBXBuildFile; fileRef = CA105B4B18ECFA6300F78D28 /* CoreGraphics.framework */; };
		CA105B4E18ECFA6300F78D28 /* UIKit.framework in Frameworks */ = {isa = PBXBuildFile; fileRef = CA105B4D18ECFA6300F78D28 /* UIKit.framework */; };
		CA105B5418ECFA6300F78D28 /* InfoPlist.strings in Resources */ = {isa = PBXBuildFile; fileRef = CA105B5218ECFA6300F78D28 /* InfoPlist.strings */; };
		CA105B5618ECFA6300F78D28 /* main.m in Sources */ = {isa = PBXBuildFile; fileRef = CA105B5518ECFA6300F78D28 /* main.m */; };
		CA105B5A18ECFA6300F78D28 /* AppDelegate.m in Sources */ = {isa = PBXBuildFile; fileRef = CA105B5918ECFA6300F78D28 /* AppDelegate.m */; };
		CA105B5C18ECFA6300F78D28 /* Images.xcassets in Resources */ = {isa = PBXBuildFile; fileRef = CA105B5B18ECFA6300F78D28 /* Images.xcassets */; };
		CA105B6318ECFA6400F78D28 /* XCTest.framework in Frameworks */ = {isa = PBXBuildFile; fileRef = CA105B6218ECFA6400F78D28 /* XCTest.framework */; };
		CA105B6418ECFA6400F78D28 /* Foundation.framework in Frameworks */ = {isa = PBXBuildFile; fileRef = CA105B4918ECFA6300F78D28 /* Foundation.framework */; };
		CA105B6518ECFA6400F78D28 /* UIKit.framework in Frameworks */ = {isa = PBXBuildFile; fileRef = CA105B4D18ECFA6300F78D28 /* UIKit.framework */; };
		CA105B6D18ECFA6400F78D28 /* InfoPlist.strings in Resources */ = {isa = PBXBuildFile; fileRef = CA105B6B18ECFA6400F78D28 /* InfoPlist.strings */; };
		CA105B6F18ECFA6400F78D28 /* HeresayTests.m in Sources */ = {isa = PBXBuildFile; fileRef = CA105B6E18ECFA6400F78D28 /* HeresayTests.m */; };
		CA5EDAD218F7AEF000C3A09B /* MapKit.framework in Frameworks */ = {isa = PBXBuildFile; fileRef = CA5EDAD118F7AEF000C3A09B /* MapKit.framework */; };
		CA5EDAD618F7B1E800C3A09B /* LocationManager.m in Sources */ = {isa = PBXBuildFile; fileRef = CA5EDAD518F7B1E800C3A09B /* LocationManager.m */; };
		CA5EDADA18F7B6CE00C3A09B /* IntroViewController.m in Sources */ = {isa = PBXBuildFile; fileRef = CA5EDAD818F7B6CE00C3A09B /* IntroViewController.m */; };
		CA5EDADB18F7B6CE00C3A09B /* IntroViewController.xib in Resources */ = {isa = PBXBuildFile; fileRef = CA5EDAD918F7B6CE00C3A09B /* IntroViewController.xib */; };
		CA5EDAE218F7CC9F00C3A09B /* LoginViewController.m in Sources */ = {isa = PBXBuildFile; fileRef = CA5EDAE018F7CC9F00C3A09B /* LoginViewController.m */; };
		CA5EDAE318F7CC9F00C3A09B /* LoginViewController.xib in Resources */ = {isa = PBXBuildFile; fileRef = CA5EDAE118F7CC9F00C3A09B /* LoginViewController.xib */; };
		CA77FA60190A277C00D8F60C /* OpenSans-Light.ttf in Resources */ = {isa = PBXBuildFile; fileRef = CA77FA5D190A277C00D8F60C /* OpenSans-Light.ttf */; };
		CA77FA61190A277C00D8F60C /* OpenSans-LightItalic.ttf in Resources */ = {isa = PBXBuildFile; fileRef = CA77FA5E190A277C00D8F60C /* OpenSans-LightItalic.ttf */; };
		CA77FA62190A277C00D8F60C /* Overlock-Regular.ttf in Resources */ = {isa = PBXBuildFile; fileRef = CA77FA5F190A277C00D8F60C /* Overlock-Regular.ttf */; };
		CA77FA65190A2C3D00D8F60C /* Overlock-Italic.ttf in Resources */ = {isa = PBXBuildFile; fileRef = CA77FA63190A2C3D00D8F60C /* Overlock-Italic.ttf */; };
		CA77FA66190A2C3D00D8F60C /* OpenSans-Regular.ttf in Resources */ = {isa = PBXBuildFile; fileRef = CA77FA64190A2C3D00D8F60C /* OpenSans-Regular.ttf */; };
		CA77FA68190A423400D8F60C /* chatroomCard.png in Resources */ = {isa = PBXBuildFile; fileRef = CA77FA67190A423400D8F60C /* chatroomCard.png */; };
		CABEA505190A147300B132C3 /* UIColor+HeresayColor.m in Sources */ = {isa = PBXBuildFile; fileRef = CABEA504190A147300B132C3 /* UIColor+HeresayColor.m */; };
		CAD8814018F9B09F00FC3646 /* DummyDataProvider.m in Sources */ = {isa = PBXBuildFile; fileRef = CAD8813F18F9B09F00FC3646 /* DummyDataProvider.m */; };
		CAD8814218F9C55000FC3646 /* dummyData.json in Resources */ = {isa = PBXBuildFile; fileRef = CAD8814118F9C55000FC3646 /* dummyData.json */; };
		CAD8816918FE4F2900FC3646 /* ChatroomMapOverlay.m in Sources */ = {isa = PBXBuildFile; fileRef = CAD8816818FE4F2900FC3646 /* ChatroomMapOverlay.m */; };
		CAD881BD1902F44D00FC3646 /* ChatroomContainerViewController.m in Sources */ = {isa = PBXBuildFile; fileRef = CAD881BB1902F44D00FC3646 /* ChatroomContainerViewController.m */; };
		CAD881BE1902F44D00FC3646 /* ChatroomContainerViewController.xib in Resources */ = {isa = PBXBuildFile; fileRef = CAD881BC1902F44D00FC3646 /* ChatroomContainerViewController.xib */; };
		CAD881C21902FBBF00FC3646 /* ChatroomCardsViewController.m in Sources */ = {isa = PBXBuildFile; fileRef = CAD881C01902FBBF00FC3646 /* ChatroomCardsViewController.m */; };
		CAD881C31902FBBF00FC3646 /* ChatroomCardsViewController.xib in Resources */ = {isa = PBXBuildFile; fileRef = CAD881C11902FBBF00FC3646 /* ChatroomCardsViewController.xib */; };
		CAD881CB19031D7B00FC3646 /* ChatroomCardViewCell.m in Sources */ = {isa = PBXBuildFile; fileRef = CAD881CA19031D7B00FC3646 /* ChatroomCardViewCell.m */; };
		CAD881CF1903217E00FC3646 /* ChatroomCardViewCell.xib in Resources */ = {isa = PBXBuildFile; fileRef = CAD881CE1903217E00FC3646 /* ChatroomCardViewCell.xib */; };
		CAD881D41904735500FC3646 /* ChatroomMapOverlayRenderer.m in Sources */ = {isa = PBXBuildFile; fileRef = CAD881D31904735500FC3646 /* ChatroomMapOverlayRenderer.m */; };
		CAD881DA1904D30700FC3646 /* AppConstants.m in Sources */ = {isa = PBXBuildFile; fileRef = CAD881D91904D30700FC3646 /* AppConstants.m */; };
		E983C552190F45990076F229 /* NSString+JSMessagesView.m in Sources */ = {isa = PBXBuildFile; fileRef = E983C500190F45990076F229 /* NSString+JSMessagesView.m */; };
		E983C553190F45990076F229 /* UIColor+JSMessagesView.m in Sources */ = {isa = PBXBuildFile; fileRef = E983C502190F45990076F229 /* UIColor+JSMessagesView.m */; };
		E983C554190F45990076F229 /* UIImage+JSMessagesView.m in Sources */ = {isa = PBXBuildFile; fileRef = E983C504190F45990076F229 /* UIImage+JSMessagesView.m */; };
		E983C555190F45990076F229 /* JSAvatarImageFactory.m in Sources */ = {isa = PBXBuildFile; fileRef = E983C507190F45990076F229 /* JSAvatarImageFactory.m */; };
		E983C556190F45990076F229 /* JSBubbleImageViewFactory.m in Sources */ = {isa = PBXBuildFile; fileRef = E983C509190F45990076F229 /* JSBubbleImageViewFactory.m */; };
		E983C557190F45990076F229 /* JSBubbleMessageCell.m in Sources */ = {isa = PBXBuildFile; fileRef = E983C50B190F45990076F229 /* JSBubbleMessageCell.m */; };
		E983C558190F45990076F229 /* JSBubbleView.m in Sources */ = {isa = PBXBuildFile; fileRef = E983C50D190F45990076F229 /* JSBubbleView.m */; };
		E983C559190F45990076F229 /* JSDismissiveTextView.m in Sources */ = {isa = PBXBuildFile; fileRef = E983C50F190F45990076F229 /* JSDismissiveTextView.m */; };
		E983C55A190F45990076F229 /* JSMessage.m in Sources */ = {isa = PBXBuildFile; fileRef = E983C511190F45990076F229 /* JSMessage.m */; };
		E983C55B190F45990076F229 /* JSMessageInputView.m in Sources */ = {isa = PBXBuildFile; fileRef = E983C514190F45990076F229 /* JSMessageInputView.m */; };
		E983C55C190F45990076F229 /* JSMessageSoundEffect.m in Sources */ = {isa = PBXBuildFile; fileRef = E983C516190F45990076F229 /* JSMessageSoundEffect.m */; };
		E983C55D190F45990076F229 /* JSMessagesViewController.m in Sources */ = {isa = PBXBuildFile; fileRef = E983C518190F45990076F229 /* JSMessagesViewController.m */; };
		E983C55E190F45990076F229 /* JSMessageTableView.m in Sources */ = {isa = PBXBuildFile; fileRef = E983C51A190F45990076F229 /* JSMessageTableView.m */; };
		E983C55F190F45990076F229 /* JSMessageTextView.m in Sources */ = {isa = PBXBuildFile; fileRef = E983C51C190F45990076F229 /* JSMessageTextView.m */; };
		E983C560190F45990076F229 /* avatar-placeholder.png in Resources */ = {isa = PBXBuildFile; fileRef = E983C520190F45990076F229 /* avatar-placeholder.png */; };
		E983C561190F45990076F229 /* avatar-placeholder@2x.png in Resources */ = {isa = PBXBuildFile; fileRef = E983C521190F45990076F229 /* avatar-placeholder@2x.png */; };
		E983C562190F45990076F229 /* bubble-classic-blue.png in Resources */ = {isa = PBXBuildFile; fileRef = E983C523190F45990076F229 /* bubble-classic-blue.png */; };
		E983C563190F45990076F229 /* bubble-classic-blue@2x.png in Resources */ = {isa = PBXBuildFile; fileRef = E983C524190F45990076F229 /* bubble-classic-blue@2x.png */; };
		E983C564190F45990076F229 /* bubble-classic-gray.png in Resources */ = {isa = PBXBuildFile; fileRef = E983C525190F45990076F229 /* bubble-classic-gray.png */; };
		E983C565190F45990076F229 /* bubble-classic-gray@2x.png in Resources */ = {isa = PBXBuildFile; fileRef = E983C526190F45990076F229 /* bubble-classic-gray@2x.png */; };
		E983C566190F45990076F229 /* bubble-classic-green.png in Resources */ = {isa = PBXBuildFile; fileRef = E983C527190F45990076F229 /* bubble-classic-green.png */; };
		E983C567190F45990076F229 /* bubble-classic-green@2x.png in Resources */ = {isa = PBXBuildFile; fileRef = E983C528190F45990076F229 /* bubble-classic-green@2x.png */; };
		E983C568190F45990076F229 /* bubble-classic-selected.png in Resources */ = {isa = PBXBuildFile; fileRef = E983C529190F45990076F229 /* bubble-classic-selected.png */; };
		E983C569190F45990076F229 /* bubble-classic-selected@2x.png in Resources */ = {isa = PBXBuildFile; fileRef = E983C52A190F45990076F229 /* bubble-classic-selected@2x.png */; };
		E983C56A190F45990076F229 /* bubble-classic-typing.png in Resources */ = {isa = PBXBuildFile; fileRef = E983C52B190F45990076F229 /* bubble-classic-typing.png */; };
		E983C56B190F45990076F229 /* bubble-classic-typing@2x.png in Resources */ = {isa = PBXBuildFile; fileRef = E983C52C190F45990076F229 /* bubble-classic-typing@2x.png */; };
		E983C56C190F45990076F229 /* bubble-classic-square-blue.png in Resources */ = {isa = PBXBuildFile; fileRef = E983C52E190F45990076F229 /* bubble-classic-square-blue.png */; };
		E983C56D190F45990076F229 /* bubble-classic-square-blue@2x.png in Resources */ = {isa = PBXBuildFile; fileRef = E983C52F190F45990076F229 /* bubble-classic-square-blue@2x.png */; };
		E983C56E190F45990076F229 /* bubble-classic-square-gray.png in Resources */ = {isa = PBXBuildFile; fileRef = E983C530190F45990076F229 /* bubble-classic-square-gray.png */; };
		E983C56F190F45990076F229 /* bubble-classic-square-gray@2x.png in Resources */ = {isa = PBXBuildFile; fileRef = E983C531190F45990076F229 /* bubble-classic-square-gray@2x.png */; };
		E983C570190F45990076F229 /* bubble-classic-square-selected.png in Resources */ = {isa = PBXBuildFile; fileRef = E983C532190F45990076F229 /* bubble-classic-square-selected.png */; };
		E983C571190F45990076F229 /* bubble-classic-square-selected@2x.png in Resources */ = {isa = PBXBuildFile; fileRef = E983C533190F45990076F229 /* bubble-classic-square-selected@2x.png */; };
		E983C572190F45990076F229 /* bubble-min-tailless.png in Resources */ = {isa = PBXBuildFile; fileRef = E983C535190F45990076F229 /* bubble-min-tailless.png */; };
		E983C573190F45990076F229 /* bubble-min-tailless@2x.png in Resources */ = {isa = PBXBuildFile; fileRef = E983C536190F45990076F229 /* bubble-min-tailless@2x.png */; };
		E983C574190F45990076F229 /* bubble-min.png in Resources */ = {isa = PBXBuildFile; fileRef = E983C537190F45990076F229 /* bubble-min.png */; };
		E983C575190F45990076F229 /* bubble-min@2x.png in Resources */ = {isa = PBXBuildFile; fileRef = E983C538190F45990076F229 /* bubble-min@2x.png */; };
		E983C576190F45990076F229 /* bubble-stroked-tailless.png in Resources */ = {isa = PBXBuildFile; fileRef = E983C539190F45990076F229 /* bubble-stroked-tailless.png */; };
		E983C577190F45990076F229 /* bubble-stroked-tailless@2x.png in Resources */ = {isa = PBXBuildFile; fileRef = E983C53A190F45990076F229 /* bubble-stroked-tailless@2x.png */; };
		E983C578190F45990076F229 /* bubble-stroked.png in Resources */ = {isa = PBXBuildFile; fileRef = E983C53B190F45990076F229 /* bubble-stroked.png */; };
		E983C579190F45990076F229 /* bubble-stroked@2x.png in Resources */ = {isa = PBXBuildFile; fileRef = E983C53C190F45990076F229 /* bubble-stroked@2x.png */; };
		E983C57A190F45990076F229 /* bubble-tailless.png in Resources */ = {isa = PBXBuildFile; fileRef = E983C53D190F45990076F229 /* bubble-tailless.png */; };
		E983C57B190F45990076F229 /* bubble-tailless@2x.png in Resources */ = {isa = PBXBuildFile; fileRef = E983C53E190F45990076F229 /* bubble-tailless@2x.png */; };
		E983C57C190F45990076F229 /* bubble.png in Resources */ = {isa = PBXBuildFile; fileRef = E983C53F190F45990076F229 /* bubble.png */; };
		E983C57D190F45990076F229 /* bubble@2x.png in Resources */ = {isa = PBXBuildFile; fileRef = E983C540190F45990076F229 /* bubble@2x.png */; };
		E983C57E190F45990076F229 /* input-bar-background.png in Resources */ = {isa = PBXBuildFile; fileRef = E983C542190F45990076F229 /* input-bar-background.png */; };
		E983C57F190F45990076F229 /* input-bar-background@2x.png in Resources */ = {isa = PBXBuildFile; fileRef = E983C543190F45990076F229 /* input-bar-background@2x.png */; };
		E983C580190F45990076F229 /* input-field-cover.png in Resources */ = {isa = PBXBuildFile; fileRef = E983C544190F45990076F229 /* input-field-cover.png */; };
		E983C581190F45990076F229 /* input-field-cover@2x.png in Resources */ = {isa = PBXBuildFile; fileRef = E983C545190F45990076F229 /* input-field-cover@2x.png */; };
		E983C582190F45990076F229 /* send-button-pressed.png in Resources */ = {isa = PBXBuildFile; fileRef = E983C546190F45990076F229 /* send-button-pressed.png */; };
		E983C583190F45990076F229 /* send-button-pressed@2x.png in Resources */ = {isa = PBXBuildFile; fileRef = E983C547190F45990076F229 /* send-button-pressed@2x.png */; };
		E983C584190F45990076F229 /* send-button.png in Resources */ = {isa = PBXBuildFile; fileRef = E983C548190F45990076F229 /* send-button.png */; };
		E983C585190F45990076F229 /* send-button@2x.png in Resources */ = {isa = PBXBuildFile; fileRef = E983C549190F45990076F229 /* send-button@2x.png */; };
		E983C586190F45990076F229 /* button-photo.png in Resources */ = {isa = PBXBuildFile; fileRef = E983C54B190F45990076F229 /* button-photo.png */; };
		E983C587190F45990076F229 /* button-photo@2x.png in Resources */ = {isa = PBXBuildFile; fileRef = E983C54C190F45990076F229 /* button-photo@2x.png */; };
		E983C588190F45990076F229 /* input-bar-flat.png in Resources */ = {isa = PBXBuildFile; fileRef = E983C54D190F45990076F229 /* input-bar-flat.png */; };
		E983C589190F45990076F229 /* input-bar-flat@2x.png in Resources */ = {isa = PBXBuildFile; fileRef = E983C54E190F45990076F229 /* input-bar-flat@2x.png */; };
		E983C58A190F45990076F229 /* message-received.aiff in Resources */ = {isa = PBXBuildFile; fileRef = E983C550190F45990076F229 /* message-received.aiff */; };
		E983C58B190F45990076F229 /* message-sent.aiff in Resources */ = {isa = PBXBuildFile; fileRef = E983C551190F45990076F229 /* message-sent.aiff */; };
		E983C58D190F460A0076F229 /* QuartzCore.framework in Frameworks */ = {isa = PBXBuildFile; fileRef = E983C58C190F460A0076F229 /* QuartzCore.framework */; };
		E99EA19B18FAFD9A0020F8EE /* ChatroomViewController.m in Sources */ = {isa = PBXBuildFile; fileRef = E99EA19918FAFD9A0020F8EE /* ChatroomViewController.m */; };
		E99EA19C18FAFD9A0020F8EE /* ChatroomViewController.xib in Resources */ = {isa = PBXBuildFile; fileRef = E99EA19A18FAFD9A0020F8EE /* ChatroomViewController.xib */; };
		E9CE0B9C1904B02800EB51DC /* IntroSlide.m in Sources */ = {isa = PBXBuildFile; fileRef = E9CE0B9B1904B02800EB51DC /* IntroSlide.m */; };
		E9CE0BA01904B18700EB51DC /* IntroSlideViewController.m in Sources */ = {isa = PBXBuildFile; fileRef = E9CE0B9E1904B18700EB51DC /* IntroSlideViewController.m */; };
		E9CE0BA11904B18700EB51DC /* IntroSlideViewController.xib in Resources */ = {isa = PBXBuildFile; fileRef = E9CE0B9F1904B18700EB51DC /* IntroSlideViewController.xib */; };
		E9DB5C2E18EE81A9007B2C84 /* Chatroom.m in Sources */ = {isa = PBXBuildFile; fileRef = E9DB5C2D18EE81A9007B2C84 /* Chatroom.m */; };
		E9DB5C3118EE81BE007B2C84 /* User.m in Sources */ = {isa = PBXBuildFile; fileRef = E9DB5C3018EE81BE007B2C84 /* User.m */; };
		E9DB5C3418EE81CC007B2C84 /* Message.m in Sources */ = {isa = PBXBuildFile; fileRef = E9DB5C3318EE81CC007B2C84 /* Message.m */; };
		E9DB5C3D18EE82B9007B2C84 /* ChatroomMapViewController.m in Sources */ = {isa = PBXBuildFile; fileRef = E9DB5C3B18EE82B9007B2C84 /* ChatroomMapViewController.m */; };
		E9DB5C3E18EE82B9007B2C84 /* ChatroomMapViewController.xib in Resources */ = {isa = PBXBuildFile; fileRef = E9DB5C3C18EE82B9007B2C84 /* ChatroomMapViewController.xib */; };
		E9DB5C4718EE82EE007B2C84 /* InviteUserViewController.m in Sources */ = {isa = PBXBuildFile; fileRef = E9DB5C4518EE82EE007B2C84 /* InviteUserViewController.m */; };
		E9DB5C4818EE82EE007B2C84 /* InviteUserViewController.xib in Resources */ = {isa = PBXBuildFile; fileRef = E9DB5C4618EE82EE007B2C84 /* InviteUserViewController.xib */; };
		E9DB5C5018EE83D4007B2C84 /* UserListView.m in Sources */ = {isa = PBXBuildFile; fileRef = E9DB5C4F18EE83D4007B2C84 /* UserListView.m */; };
		E9DB5C5218EE83E8007B2C84 /* UserListView.xib in Resources */ = {isa = PBXBuildFile; fileRef = E9DB5C5118EE83E8007B2C84 /* UserListView.xib */; };
		E9DB5C5518EE8418007B2C84 /* InviteUserViewCell.m in Sources */ = {isa = PBXBuildFile; fileRef = E9DB5C5418EE8418007B2C84 /* InviteUserViewCell.m */; };
		E9DB5C5718EE8435007B2C84 /* InviteUserViewCell.xib in Resources */ = {isa = PBXBuildFile; fileRef = E9DB5C5618EE8435007B2C84 /* InviteUserViewCell.xib */; };
		E9DB5C5A18EE8490007B2C84 /* InviteListAccountViewCell.m in Sources */ = {isa = PBXBuildFile; fileRef = E9DB5C5918EE8490007B2C84 /* InviteListAccountViewCell.m */; };
		E9DB5C5C18EE84BA007B2C84 /* InviteListAccountViewCell.xib in Resources */ = {isa = PBXBuildFile; fileRef = E9DB5C5B18EE84BA007B2C84 /* InviteListAccountViewCell.xib */; };
		E9DB5C6418EE8674007B2C84 /* MessageViewCell.m in Sources */ = {isa = PBXBuildFile; fileRef = E9DB5C6318EE8674007B2C84 /* MessageViewCell.m */; };
		E9DB5C6618EE8680007B2C84 /* MessageViewCell.xib in Resources */ = {isa = PBXBuildFile; fileRef = E9DB5C6518EE8680007B2C84 /* MessageViewCell.xib */; };
		FC2126CDEA2A4F5E8B11227D /* libPods.a in Frameworks */ = {isa = PBXBuildFile; fileRef = 0F5EC7052AFA41239E2BC3E5 /* libPods.a */; };
/* End PBXBuildFile section */

/* Begin PBXContainerItemProxy section */
		CA105B6618ECFA6400F78D28 /* PBXContainerItemProxy */ = {
			isa = PBXContainerItemProxy;
			containerPortal = CA105B3E18ECFA6300F78D28 /* Project object */;
			proxyType = 1;
			remoteGlobalIDString = CA105B4518ECFA6300F78D28;
			remoteInfo = Heresay;
		};
/* End PBXContainerItemProxy section */

/* Begin PBXFileReference section */
		0F5EC7052AFA41239E2BC3E5 /* libPods.a */ = {isa = PBXFileReference; explicitFileType = archive.ar; includeInIndex = 0; path = libPods.a; sourceTree = BUILT_PRODUCTS_DIR; };
		17602A8A18FA416C0048B9E0 /* ChatRoomApi.h */ = {isa = PBXFileReference; fileEncoding = 4; lastKnownFileType = sourcecode.c.h; path = ChatRoomApi.h; sourceTree = "<group>"; };
		17602A8B18FA416C0048B9E0 /* ChatRoomApi.m */ = {isa = PBXFileReference; fileEncoding = 4; lastKnownFileType = sourcecode.c.objc; path = ChatRoomApi.m; sourceTree = "<group>"; };
		17602A9218FB52180048B9E0 /* MainSettingsViewController.h */ = {isa = PBXFileReference; fileEncoding = 4; lastKnownFileType = sourcecode.c.h; path = MainSettingsViewController.h; sourceTree = "<group>"; };
		17602A9318FB52180048B9E0 /* MainSettingsViewController.m */ = {isa = PBXFileReference; fileEncoding = 4; lastKnownFileType = sourcecode.c.objc; path = MainSettingsViewController.m; sourceTree = "<group>"; };
		17602A9418FB52180048B9E0 /* MainSettingsViewController.xib */ = {isa = PBXFileReference; fileEncoding = 4; lastKnownFileType = file.xib; path = MainSettingsViewController.xib; sourceTree = "<group>"; };
		17602A9718FB54190048B9E0 /* MessageApi.h */ = {isa = PBXFileReference; fileEncoding = 4; lastKnownFileType = sourcecode.c.h; path = MessageApi.h; sourceTree = "<group>"; };
		17602A9818FB54190048B9E0 /* MessageApi.m */ = {isa = PBXFileReference; fileEncoding = 4; lastKnownFileType = sourcecode.c.objc; path = MessageApi.m; sourceTree = "<group>"; };
		17602A9A18FB54250048B9E0 /* UserApi.h */ = {isa = PBXFileReference; fileEncoding = 4; lastKnownFileType = sourcecode.c.h; path = UserApi.h; sourceTree = "<group>"; };
		17602A9B18FB54250048B9E0 /* UserApi.m */ = {isa = PBXFileReference; fileEncoding = 4; lastKnownFileType = sourcecode.c.objc; path = UserApi.m; sourceTree = "<group>"; };
		BFB991D905884E70B8F0661E /* Pods.xcconfig */ = {isa = PBXFileReference; includeInIndex = 1; lastKnownFileType = text.xcconfig; name = Pods.xcconfig; path = Pods/Pods.xcconfig; sourceTree = "<group>"; };
		CA105B4618ECFA6300F78D28 /* Heresay.app */ = {isa = PBXFileReference; explicitFileType = wrapper.application; includeInIndex = 0; path = Heresay.app; sourceTree = BUILT_PRODUCTS_DIR; };
		CA105B4918ECFA6300F78D28 /* Foundation.framework */ = {isa = PBXFileReference; lastKnownFileType = wrapper.framework; name = Foundation.framework; path = System/Library/Frameworks/Foundation.framework; sourceTree = SDKROOT; };
		CA105B4B18ECFA6300F78D28 /* CoreGraphics.framework */ = {isa = PBXFileReference; lastKnownFileType = wrapper.framework; name = CoreGraphics.framework; path = System/Library/Frameworks/CoreGraphics.framework; sourceTree = SDKROOT; };
		CA105B4D18ECFA6300F78D28 /* UIKit.framework */ = {isa = PBXFileReference; lastKnownFileType = wrapper.framework; name = UIKit.framework; path = System/Library/Frameworks/UIKit.framework; sourceTree = SDKROOT; };
		CA105B5118ECFA6300F78D28 /* Heresay-Info.plist */ = {isa = PBXFileReference; lastKnownFileType = text.plist.xml; path = "Heresay-Info.plist"; sourceTree = "<group>"; };
		CA105B5318ECFA6300F78D28 /* en */ = {isa = PBXFileReference; lastKnownFileType = text.plist.strings; name = en; path = en.lproj/InfoPlist.strings; sourceTree = "<group>"; };
		CA105B5518ECFA6300F78D28 /* main.m */ = {isa = PBXFileReference; lastKnownFileType = sourcecode.c.objc; path = main.m; sourceTree = "<group>"; };
		CA105B5718ECFA6300F78D28 /* Heresay-Prefix.pch */ = {isa = PBXFileReference; lastKnownFileType = sourcecode.c.h; path = "Heresay-Prefix.pch"; sourceTree = "<group>"; };
		CA105B5818ECFA6300F78D28 /* AppDelegate.h */ = {isa = PBXFileReference; lastKnownFileType = sourcecode.c.h; path = AppDelegate.h; sourceTree = "<group>"; };
		CA105B5918ECFA6300F78D28 /* AppDelegate.m */ = {isa = PBXFileReference; lastKnownFileType = sourcecode.c.objc; path = AppDelegate.m; sourceTree = "<group>"; };
		CA105B5B18ECFA6300F78D28 /* Images.xcassets */ = {isa = PBXFileReference; lastKnownFileType = folder.assetcatalog; path = Images.xcassets; sourceTree = "<group>"; };
		CA105B6118ECFA6400F78D28 /* HeresayTests.xctest */ = {isa = PBXFileReference; explicitFileType = wrapper.cfbundle; includeInIndex = 0; path = HeresayTests.xctest; sourceTree = BUILT_PRODUCTS_DIR; };
		CA105B6218ECFA6400F78D28 /* XCTest.framework */ = {isa = PBXFileReference; lastKnownFileType = wrapper.framework; name = XCTest.framework; path = Library/Frameworks/XCTest.framework; sourceTree = DEVELOPER_DIR; };
		CA105B6A18ECFA6400F78D28 /* HeresayTests-Info.plist */ = {isa = PBXFileReference; lastKnownFileType = text.plist.xml; path = "HeresayTests-Info.plist"; sourceTree = "<group>"; };
		CA105B6C18ECFA6400F78D28 /* en */ = {isa = PBXFileReference; lastKnownFileType = text.plist.strings; name = en; path = en.lproj/InfoPlist.strings; sourceTree = "<group>"; };
		CA105B6E18ECFA6400F78D28 /* HeresayTests.m */ = {isa = PBXFileReference; lastKnownFileType = sourcecode.c.objc; path = HeresayTests.m; sourceTree = "<group>"; };
		CA5EDAD118F7AEF000C3A09B /* MapKit.framework */ = {isa = PBXFileReference; lastKnownFileType = wrapper.framework; name = MapKit.framework; path = System/Library/Frameworks/MapKit.framework; sourceTree = SDKROOT; };
		CA5EDAD418F7B1E800C3A09B /* LocationManager.h */ = {isa = PBXFileReference; fileEncoding = 4; lastKnownFileType = sourcecode.c.h; path = LocationManager.h; sourceTree = "<group>"; };
		CA5EDAD518F7B1E800C3A09B /* LocationManager.m */ = {isa = PBXFileReference; fileEncoding = 4; lastKnownFileType = sourcecode.c.objc; path = LocationManager.m; sourceTree = "<group>"; };
		CA5EDAD718F7B6CE00C3A09B /* IntroViewController.h */ = {isa = PBXFileReference; fileEncoding = 4; lastKnownFileType = sourcecode.c.h; path = IntroViewController.h; sourceTree = "<group>"; };
		CA5EDAD818F7B6CE00C3A09B /* IntroViewController.m */ = {isa = PBXFileReference; fileEncoding = 4; lastKnownFileType = sourcecode.c.objc; path = IntroViewController.m; sourceTree = "<group>"; };
		CA5EDAD918F7B6CE00C3A09B /* IntroViewController.xib */ = {isa = PBXFileReference; fileEncoding = 4; lastKnownFileType = file.xib; path = IntroViewController.xib; sourceTree = "<group>"; };
		CA5EDADC18F7C7CE00C3A09B /* ChatroomSelectorDelegate.h */ = {isa = PBXFileReference; fileEncoding = 4; lastKnownFileType = sourcecode.c.h; path = ChatroomSelectorDelegate.h; sourceTree = "<group>"; };
		CA5EDADF18F7CC9F00C3A09B /* LoginViewController.h */ = {isa = PBXFileReference; fileEncoding = 4; lastKnownFileType = sourcecode.c.h; path = LoginViewController.h; sourceTree = "<group>"; };
		CA5EDAE018F7CC9F00C3A09B /* LoginViewController.m */ = {isa = PBXFileReference; fileEncoding = 4; lastKnownFileType = sourcecode.c.objc; path = LoginViewController.m; sourceTree = "<group>"; };
		CA5EDAE118F7CC9F00C3A09B /* LoginViewController.xib */ = {isa = PBXFileReference; fileEncoding = 4; lastKnownFileType = file.xib; path = LoginViewController.xib; sourceTree = "<group>"; };
		CA77FA5D190A277C00D8F60C /* OpenSans-Light.ttf */ = {isa = PBXFileReference; lastKnownFileType = file; name = "OpenSans-Light.ttf"; path = "fonts/OpenSans-Light.ttf"; sourceTree = "<group>"; };
		CA77FA5E190A277C00D8F60C /* OpenSans-LightItalic.ttf */ = {isa = PBXFileReference; lastKnownFileType = file; name = "OpenSans-LightItalic.ttf"; path = "fonts/OpenSans-LightItalic.ttf"; sourceTree = "<group>"; };
		CA77FA5F190A277C00D8F60C /* Overlock-Regular.ttf */ = {isa = PBXFileReference; lastKnownFileType = file; name = "Overlock-Regular.ttf"; path = "fonts/Overlock-Regular.ttf"; sourceTree = "<group>"; };
		CA77FA63190A2C3D00D8F60C /* Overlock-Italic.ttf */ = {isa = PBXFileReference; lastKnownFileType = file; name = "Overlock-Italic.ttf"; path = "fonts/Overlock-Italic.ttf"; sourceTree = "<group>"; };
		CA77FA64190A2C3D00D8F60C /* OpenSans-Regular.ttf */ = {isa = PBXFileReference; lastKnownFileType = file; name = "OpenSans-Regular.ttf"; path = "fonts/OpenSans-Regular.ttf"; sourceTree = "<group>"; };
		CA77FA67190A423400D8F60C /* chatroomCard.png */ = {isa = PBXFileReference; lastKnownFileType = image.png; name = chatroomCard.png; path = assets/chatroomCard.png; sourceTree = "<group>"; };
		CABEA503190A147300B132C3 /* UIColor+HeresayColor.h */ = {isa = PBXFileReference; fileEncoding = 4; lastKnownFileType = sourcecode.c.h; path = "UIColor+HeresayColor.h"; sourceTree = "<group>"; };
		CABEA504190A147300B132C3 /* UIColor+HeresayColor.m */ = {isa = PBXFileReference; fileEncoding = 4; lastKnownFileType = sourcecode.c.objc; path = "UIColor+HeresayColor.m"; sourceTree = "<group>"; };
		CAD8813E18F9B09F00FC3646 /* DummyDataProvider.h */ = {isa = PBXFileReference; fileEncoding = 4; lastKnownFileType = sourcecode.c.h; path = DummyDataProvider.h; sourceTree = "<group>"; };
		CAD8813F18F9B09F00FC3646 /* DummyDataProvider.m */ = {isa = PBXFileReference; fileEncoding = 4; lastKnownFileType = sourcecode.c.objc; path = DummyDataProvider.m; sourceTree = "<group>"; };
		CAD8814118F9C55000FC3646 /* dummyData.json */ = {isa = PBXFileReference; fileEncoding = 4; lastKnownFileType = text.json; path = dummyData.json; sourceTree = "<group>"; };
		CAD8816718FE4F2900FC3646 /* ChatroomMapOverlay.h */ = {isa = PBXFileReference; fileEncoding = 4; lastKnownFileType = sourcecode.c.h; path = ChatroomMapOverlay.h; sourceTree = "<group>"; };
		CAD8816818FE4F2900FC3646 /* ChatroomMapOverlay.m */ = {isa = PBXFileReference; fileEncoding = 4; lastKnownFileType = sourcecode.c.objc; path = ChatroomMapOverlay.m; sourceTree = "<group>"; };
		CAD881BA1902F44D00FC3646 /* ChatroomContainerViewController.h */ = {isa = PBXFileReference; fileEncoding = 4; lastKnownFileType = sourcecode.c.h; path = ChatroomContainerViewController.h; sourceTree = "<group>"; };
		CAD881BB1902F44D00FC3646 /* ChatroomContainerViewController.m */ = {isa = PBXFileReference; fileEncoding = 4; lastKnownFileType = sourcecode.c.objc; path = ChatroomContainerViewController.m; sourceTree = "<group>"; };
		CAD881BC1902F44D00FC3646 /* ChatroomContainerViewController.xib */ = {isa = PBXFileReference; fileEncoding = 4; lastKnownFileType = file.xib; path = ChatroomContainerViewController.xib; sourceTree = "<group>"; };
		CAD881BF1902FBBF00FC3646 /* ChatroomCardsViewController.h */ = {isa = PBXFileReference; fileEncoding = 4; lastKnownFileType = sourcecode.c.h; path = ChatroomCardsViewController.h; sourceTree = "<group>"; };
		CAD881C01902FBBF00FC3646 /* ChatroomCardsViewController.m */ = {isa = PBXFileReference; fileEncoding = 4; lastKnownFileType = sourcecode.c.objc; path = ChatroomCardsViewController.m; sourceTree = "<group>"; };
		CAD881C11902FBBF00FC3646 /* ChatroomCardsViewController.xib */ = {isa = PBXFileReference; fileEncoding = 4; lastKnownFileType = file.xib; path = ChatroomCardsViewController.xib; sourceTree = "<group>"; };
		CAD881C919031D7B00FC3646 /* ChatroomCardViewCell.h */ = {isa = PBXFileReference; fileEncoding = 4; lastKnownFileType = sourcecode.c.h; path = ChatroomCardViewCell.h; sourceTree = "<group>"; };
		CAD881CA19031D7B00FC3646 /* ChatroomCardViewCell.m */ = {isa = PBXFileReference; fileEncoding = 4; lastKnownFileType = sourcecode.c.objc; path = ChatroomCardViewCell.m; sourceTree = "<group>"; };
		CAD881CE1903217E00FC3646 /* ChatroomCardViewCell.xib */ = {isa = PBXFileReference; fileEncoding = 4; lastKnownFileType = file.xib; path = ChatroomCardViewCell.xib; sourceTree = "<group>"; };
		CAD881D019043C5F00FC3646 /* libPods-MBXMapKit.a */ = {isa = PBXFileReference; lastKnownFileType = archive.ar; name = "libPods-MBXMapKit.a"; path = "Pods/build/Debug-iphoneos/libPods-MBXMapKit.a"; sourceTree = "<group>"; };
		CAD881D21904735500FC3646 /* ChatroomMapOverlayRenderer.h */ = {isa = PBXFileReference; fileEncoding = 4; lastKnownFileType = sourcecode.c.h; path = ChatroomMapOverlayRenderer.h; sourceTree = "<group>"; };
		CAD881D31904735500FC3646 /* ChatroomMapOverlayRenderer.m */ = {isa = PBXFileReference; fileEncoding = 4; lastKnownFileType = sourcecode.c.objc; path = ChatroomMapOverlayRenderer.m; sourceTree = "<group>"; };
		CAD881D81904D30700FC3646 /* AppConstants.h */ = {isa = PBXFileReference; fileEncoding = 4; lastKnownFileType = sourcecode.c.h; path = AppConstants.h; sourceTree = "<group>"; };
		CAD881D91904D30700FC3646 /* AppConstants.m */ = {isa = PBXFileReference; fileEncoding = 4; lastKnownFileType = sourcecode.c.objc; path = AppConstants.m; sourceTree = "<group>"; };
		E983C4FF190F45990076F229 /* NSString+JSMessagesView.h */ = {isa = PBXFileReference; fileEncoding = 4; lastKnownFileType = sourcecode.c.h; path = "NSString+JSMessagesView.h"; sourceTree = "<group>"; };
		E983C500190F45990076F229 /* NSString+JSMessagesView.m */ = {isa = PBXFileReference; fileEncoding = 4; lastKnownFileType = sourcecode.c.objc; path = "NSString+JSMessagesView.m"; sourceTree = "<group>"; };
		E983C501190F45990076F229 /* UIColor+JSMessagesView.h */ = {isa = PBXFileReference; fileEncoding = 4; lastKnownFileType = sourcecode.c.h; path = "UIColor+JSMessagesView.h"; sourceTree = "<group>"; };
		E983C502190F45990076F229 /* UIColor+JSMessagesView.m */ = {isa = PBXFileReference; fileEncoding = 4; lastKnownFileType = sourcecode.c.objc; path = "UIColor+JSMessagesView.m"; sourceTree = "<group>"; };
		E983C503190F45990076F229 /* UIImage+JSMessagesView.h */ = {isa = PBXFileReference; fileEncoding = 4; lastKnownFileType = sourcecode.c.h; path = "UIImage+JSMessagesView.h"; sourceTree = "<group>"; };
		E983C504190F45990076F229 /* UIImage+JSMessagesView.m */ = {isa = PBXFileReference; fileEncoding = 4; lastKnownFileType = sourcecode.c.objc; path = "UIImage+JSMessagesView.m"; sourceTree = "<group>"; };
		E983C506190F45990076F229 /* JSAvatarImageFactory.h */ = {isa = PBXFileReference; fileEncoding = 4; lastKnownFileType = sourcecode.c.h; path = JSAvatarImageFactory.h; sourceTree = "<group>"; };
		E983C507190F45990076F229 /* JSAvatarImageFactory.m */ = {isa = PBXFileReference; fileEncoding = 4; lastKnownFileType = sourcecode.c.objc; path = JSAvatarImageFactory.m; sourceTree = "<group>"; };
		E983C508190F45990076F229 /* JSBubbleImageViewFactory.h */ = {isa = PBXFileReference; fileEncoding = 4; lastKnownFileType = sourcecode.c.h; path = JSBubbleImageViewFactory.h; sourceTree = "<group>"; };
		E983C509190F45990076F229 /* JSBubbleImageViewFactory.m */ = {isa = PBXFileReference; fileEncoding = 4; lastKnownFileType = sourcecode.c.objc; path = JSBubbleImageViewFactory.m; sourceTree = "<group>"; };
		E983C50A190F45990076F229 /* JSBubbleMessageCell.h */ = {isa = PBXFileReference; fileEncoding = 4; lastKnownFileType = sourcecode.c.h; path = JSBubbleMessageCell.h; sourceTree = "<group>"; };
		E983C50B190F45990076F229 /* JSBubbleMessageCell.m */ = {isa = PBXFileReference; fileEncoding = 4; lastKnownFileType = sourcecode.c.objc; path = JSBubbleMessageCell.m; sourceTree = "<group>"; };
		E983C50C190F45990076F229 /* JSBubbleView.h */ = {isa = PBXFileReference; fileEncoding = 4; lastKnownFileType = sourcecode.c.h; path = JSBubbleView.h; sourceTree = "<group>"; };
		E983C50D190F45990076F229 /* JSBubbleView.m */ = {isa = PBXFileReference; fileEncoding = 4; lastKnownFileType = sourcecode.c.objc; path = JSBubbleView.m; sourceTree = "<group>"; };
		E983C50E190F45990076F229 /* JSDismissiveTextView.h */ = {isa = PBXFileReference; fileEncoding = 4; lastKnownFileType = sourcecode.c.h; path = JSDismissiveTextView.h; sourceTree = "<group>"; };
		E983C50F190F45990076F229 /* JSDismissiveTextView.m */ = {isa = PBXFileReference; fileEncoding = 4; lastKnownFileType = sourcecode.c.objc; path = JSDismissiveTextView.m; sourceTree = "<group>"; };
		E983C510190F45990076F229 /* JSMessage.h */ = {isa = PBXFileReference; fileEncoding = 4; lastKnownFileType = sourcecode.c.h; path = JSMessage.h; sourceTree = "<group>"; };
		E983C511190F45990076F229 /* JSMessage.m */ = {isa = PBXFileReference; fileEncoding = 4; lastKnownFileType = sourcecode.c.objc; path = JSMessage.m; sourceTree = "<group>"; };
		E983C512190F45990076F229 /* JSMessageData.h */ = {isa = PBXFileReference; fileEncoding = 4; lastKnownFileType = sourcecode.c.h; path = JSMessageData.h; sourceTree = "<group>"; };
		E983C513190F45990076F229 /* JSMessageInputView.h */ = {isa = PBXFileReference; fileEncoding = 4; lastKnownFileType = sourcecode.c.h; path = JSMessageInputView.h; sourceTree = "<group>"; };
		E983C514190F45990076F229 /* JSMessageInputView.m */ = {isa = PBXFileReference; fileEncoding = 4; lastKnownFileType = sourcecode.c.objc; path = JSMessageInputView.m; sourceTree = "<group>"; };
		E983C515190F45990076F229 /* JSMessageSoundEffect.h */ = {isa = PBXFileReference; fileEncoding = 4; lastKnownFileType = sourcecode.c.h; path = JSMessageSoundEffect.h; sourceTree = "<group>"; };
		E983C516190F45990076F229 /* JSMessageSoundEffect.m */ = {isa = PBXFileReference; fileEncoding = 4; lastKnownFileType = sourcecode.c.objc; path = JSMessageSoundEffect.m; sourceTree = "<group>"; };
		E983C517190F45990076F229 /* JSMessagesViewController.h */ = {isa = PBXFileReference; fileEncoding = 4; lastKnownFileType = sourcecode.c.h; path = JSMessagesViewController.h; sourceTree = "<group>"; };
		E983C518190F45990076F229 /* JSMessagesViewController.m */ = {isa = PBXFileReference; fileEncoding = 4; lastKnownFileType = sourcecode.c.objc; path = JSMessagesViewController.m; sourceTree = "<group>"; };
		E983C519190F45990076F229 /* JSMessageTableView.h */ = {isa = PBXFileReference; fileEncoding = 4; lastKnownFileType = sourcecode.c.h; path = JSMessageTableView.h; sourceTree = "<group>"; };
		E983C51A190F45990076F229 /* JSMessageTableView.m */ = {isa = PBXFileReference; fileEncoding = 4; lastKnownFileType = sourcecode.c.objc; path = JSMessageTableView.m; sourceTree = "<group>"; };
		E983C51B190F45990076F229 /* JSMessageTextView.h */ = {isa = PBXFileReference; fileEncoding = 4; lastKnownFileType = sourcecode.c.h; path = JSMessageTextView.h; sourceTree = "<group>"; };
		E983C51C190F45990076F229 /* JSMessageTextView.m */ = {isa = PBXFileReference; fileEncoding = 4; lastKnownFileType = sourcecode.c.objc; path = JSMessageTextView.m; sourceTree = "<group>"; };
		E983C520190F45990076F229 /* avatar-placeholder.png */ = {isa = PBXFileReference; lastKnownFileType = image.png; path = "avatar-placeholder.png"; sourceTree = "<group>"; };
		E983C521190F45990076F229 /* avatar-placeholder@2x.png */ = {isa = PBXFileReference; lastKnownFileType = image.png; path = "avatar-placeholder@2x.png"; sourceTree = "<group>"; };
		E983C523190F45990076F229 /* bubble-classic-blue.png */ = {isa = PBXFileReference; lastKnownFileType = image.png; path = "bubble-classic-blue.png"; sourceTree = "<group>"; };
		E983C524190F45990076F229 /* bubble-classic-blue@2x.png */ = {isa = PBXFileReference; lastKnownFileType = image.png; path = "bubble-classic-blue@2x.png"; sourceTree = "<group>"; };
		E983C525190F45990076F229 /* bubble-classic-gray.png */ = {isa = PBXFileReference; lastKnownFileType = image.png; path = "bubble-classic-gray.png"; sourceTree = "<group>"; };
		E983C526190F45990076F229 /* bubble-classic-gray@2x.png */ = {isa = PBXFileReference; lastKnownFileType = image.png; path = "bubble-classic-gray@2x.png"; sourceTree = "<group>"; };
		E983C527190F45990076F229 /* bubble-classic-green.png */ = {isa = PBXFileReference; lastKnownFileType = image.png; path = "bubble-classic-green.png"; sourceTree = "<group>"; };
		E983C528190F45990076F229 /* bubble-classic-green@2x.png */ = {isa = PBXFileReference; lastKnownFileType = image.png; path = "bubble-classic-green@2x.png"; sourceTree = "<group>"; };
		E983C529190F45990076F229 /* bubble-classic-selected.png */ = {isa = PBXFileReference; lastKnownFileType = image.png; path = "bubble-classic-selected.png"; sourceTree = "<group>"; };
		E983C52A190F45990076F229 /* bubble-classic-selected@2x.png */ = {isa = PBXFileReference; lastKnownFileType = image.png; path = "bubble-classic-selected@2x.png"; sourceTree = "<group>"; };
		E983C52B190F45990076F229 /* bubble-classic-typing.png */ = {isa = PBXFileReference; lastKnownFileType = image.png; path = "bubble-classic-typing.png"; sourceTree = "<group>"; };
		E983C52C190F45990076F229 /* bubble-classic-typing@2x.png */ = {isa = PBXFileReference; lastKnownFileType = image.png; path = "bubble-classic-typing@2x.png"; sourceTree = "<group>"; };
		E983C52E190F45990076F229 /* bubble-classic-square-blue.png */ = {isa = PBXFileReference; lastKnownFileType = image.png; path = "bubble-classic-square-blue.png"; sourceTree = "<group>"; };
		E983C52F190F45990076F229 /* bubble-classic-square-blue@2x.png */ = {isa = PBXFileReference; lastKnownFileType = image.png; path = "bubble-classic-square-blue@2x.png"; sourceTree = "<group>"; };
		E983C530190F45990076F229 /* bubble-classic-square-gray.png */ = {isa = PBXFileReference; lastKnownFileType = image.png; path = "bubble-classic-square-gray.png"; sourceTree = "<group>"; };
		E983C531190F45990076F229 /* bubble-classic-square-gray@2x.png */ = {isa = PBXFileReference; lastKnownFileType = image.png; path = "bubble-classic-square-gray@2x.png"; sourceTree = "<group>"; };
		E983C532190F45990076F229 /* bubble-classic-square-selected.png */ = {isa = PBXFileReference; lastKnownFileType = image.png; path = "bubble-classic-square-selected.png"; sourceTree = "<group>"; };
		E983C533190F45990076F229 /* bubble-classic-square-selected@2x.png */ = {isa = PBXFileReference; lastKnownFileType = image.png; path = "bubble-classic-square-selected@2x.png"; sourceTree = "<group>"; };
		E983C535190F45990076F229 /* bubble-min-tailless.png */ = {isa = PBXFileReference; lastKnownFileType = image.png; path = "bubble-min-tailless.png"; sourceTree = "<group>"; };
		E983C536190F45990076F229 /* bubble-min-tailless@2x.png */ = {isa = PBXFileReference; lastKnownFileType = image.png; path = "bubble-min-tailless@2x.png"; sourceTree = "<group>"; };
		E983C537190F45990076F229 /* bubble-min.png */ = {isa = PBXFileReference; lastKnownFileType = image.png; path = "bubble-min.png"; sourceTree = "<group>"; };
		E983C538190F45990076F229 /* bubble-min@2x.png */ = {isa = PBXFileReference; lastKnownFileType = image.png; path = "bubble-min@2x.png"; sourceTree = "<group>"; };
		E983C539190F45990076F229 /* bubble-stroked-tailless.png */ = {isa = PBXFileReference; lastKnownFileType = image.png; path = "bubble-stroked-tailless.png"; sourceTree = "<group>"; };
		E983C53A190F45990076F229 /* bubble-stroked-tailless@2x.png */ = {isa = PBXFileReference; lastKnownFileType = image.png; path = "bubble-stroked-tailless@2x.png"; sourceTree = "<group>"; };
		E983C53B190F45990076F229 /* bubble-stroked.png */ = {isa = PBXFileReference; lastKnownFileType = image.png; path = "bubble-stroked.png"; sourceTree = "<group>"; };
		E983C53C190F45990076F229 /* bubble-stroked@2x.png */ = {isa = PBXFileReference; lastKnownFileType = image.png; path = "bubble-stroked@2x.png"; sourceTree = "<group>"; };
		E983C53D190F45990076F229 /* bubble-tailless.png */ = {isa = PBXFileReference; lastKnownFileType = image.png; path = "bubble-tailless.png"; sourceTree = "<group>"; };
		E983C53E190F45990076F229 /* bubble-tailless@2x.png */ = {isa = PBXFileReference; lastKnownFileType = image.png; path = "bubble-tailless@2x.png"; sourceTree = "<group>"; };
		E983C53F190F45990076F229 /* bubble.png */ = {isa = PBXFileReference; lastKnownFileType = image.png; path = bubble.png; sourceTree = "<group>"; };
		E983C540190F45990076F229 /* bubble@2x.png */ = {isa = PBXFileReference; lastKnownFileType = image.png; path = "bubble@2x.png"; sourceTree = "<group>"; };
		E983C542190F45990076F229 /* input-bar-background.png */ = {isa = PBXFileReference; lastKnownFileType = image.png; path = "input-bar-background.png"; sourceTree = "<group>"; };
		E983C543190F45990076F229 /* input-bar-background@2x.png */ = {isa = PBXFileReference; lastKnownFileType = image.png; path = "input-bar-background@2x.png"; sourceTree = "<group>"; };
		E983C544190F45990076F229 /* input-field-cover.png */ = {isa = PBXFileReference; lastKnownFileType = image.png; path = "input-field-cover.png"; sourceTree = "<group>"; };
		E983C545190F45990076F229 /* input-field-cover@2x.png */ = {isa = PBXFileReference; lastKnownFileType = image.png; path = "input-field-cover@2x.png"; sourceTree = "<group>"; };
		E983C546190F45990076F229 /* send-button-pressed.png */ = {isa = PBXFileReference; lastKnownFileType = image.png; path = "send-button-pressed.png"; sourceTree = "<group>"; };
		E983C547190F45990076F229 /* send-button-pressed@2x.png */ = {isa = PBXFileReference; lastKnownFileType = image.png; path = "send-button-pressed@2x.png"; sourceTree = "<group>"; };
		E983C548190F45990076F229 /* send-button.png */ = {isa = PBXFileReference; lastKnownFileType = image.png; path = "send-button.png"; sourceTree = "<group>"; };
		E983C549190F45990076F229 /* send-button@2x.png */ = {isa = PBXFileReference; lastKnownFileType = image.png; path = "send-button@2x.png"; sourceTree = "<group>"; };
		E983C54B190F45990076F229 /* button-photo.png */ = {isa = PBXFileReference; lastKnownFileType = image.png; path = "button-photo.png"; sourceTree = "<group>"; };
		E983C54C190F45990076F229 /* button-photo@2x.png */ = {isa = PBXFileReference; lastKnownFileType = image.png; path = "button-photo@2x.png"; sourceTree = "<group>"; };
		E983C54D190F45990076F229 /* input-bar-flat.png */ = {isa = PBXFileReference; lastKnownFileType = image.png; path = "input-bar-flat.png"; sourceTree = "<group>"; };
		E983C54E190F45990076F229 /* input-bar-flat@2x.png */ = {isa = PBXFileReference; lastKnownFileType = image.png; path = "input-bar-flat@2x.png"; sourceTree = "<group>"; };
		E983C550190F45990076F229 /* message-received.aiff */ = {isa = PBXFileReference; lastKnownFileType = audio.aiff; path = "message-received.aiff"; sourceTree = "<group>"; };
		E983C551190F45990076F229 /* message-sent.aiff */ = {isa = PBXFileReference; lastKnownFileType = audio.aiff; path = "message-sent.aiff"; sourceTree = "<group>"; };
		E983C58C190F460A0076F229 /* QuartzCore.framework */ = {isa = PBXFileReference; lastKnownFileType = wrapper.framework; name = QuartzCore.framework; path = System/Library/Frameworks/QuartzCore.framework; sourceTree = SDKROOT; };
		E99EA19818FAFD9A0020F8EE /* ChatroomViewController.h */ = {isa = PBXFileReference; fileEncoding = 4; lastKnownFileType = sourcecode.c.h; path = ChatroomViewController.h; sourceTree = "<group>"; };
		E99EA19918FAFD9A0020F8EE /* ChatroomViewController.m */ = {isa = PBXFileReference; fileEncoding = 4; lastKnownFileType = sourcecode.c.objc; path = ChatroomViewController.m; sourceTree = "<group>"; };
		E99EA19A18FAFD9A0020F8EE /* ChatroomViewController.xib */ = {isa = PBXFileReference; fileEncoding = 4; lastKnownFileType = file.xib; path = ChatroomViewController.xib; sourceTree = "<group>"; };
		E9CE0B9A1904B02800EB51DC /* IntroSlide.h */ = {isa = PBXFileReference; fileEncoding = 4; lastKnownFileType = sourcecode.c.h; path = IntroSlide.h; sourceTree = "<group>"; };
		E9CE0B9B1904B02800EB51DC /* IntroSlide.m */ = {isa = PBXFileReference; fileEncoding = 4; lastKnownFileType = sourcecode.c.objc; path = IntroSlide.m; sourceTree = "<group>"; };
		E9CE0B9D1904B18700EB51DC /* IntroSlideViewController.h */ = {isa = PBXFileReference; fileEncoding = 4; lastKnownFileType = sourcecode.c.h; path = IntroSlideViewController.h; sourceTree = "<group>"; };
		E9CE0B9E1904B18700EB51DC /* IntroSlideViewController.m */ = {isa = PBXFileReference; fileEncoding = 4; lastKnownFileType = sourcecode.c.objc; path = IntroSlideViewController.m; sourceTree = "<group>"; };
		E9CE0B9F1904B18700EB51DC /* IntroSlideViewController.xib */ = {isa = PBXFileReference; fileEncoding = 4; lastKnownFileType = file.xib; path = IntroSlideViewController.xib; sourceTree = "<group>"; };
		E9DB5C2C18EE81A9007B2C84 /* Chatroom.h */ = {isa = PBXFileReference; fileEncoding = 4; lastKnownFileType = sourcecode.c.h; path = Chatroom.h; sourceTree = "<group>"; };
		E9DB5C2D18EE81A9007B2C84 /* Chatroom.m */ = {isa = PBXFileReference; fileEncoding = 4; lastKnownFileType = sourcecode.c.objc; path = Chatroom.m; sourceTree = "<group>"; };
		E9DB5C2F18EE81BE007B2C84 /* User.h */ = {isa = PBXFileReference; fileEncoding = 4; lastKnownFileType = sourcecode.c.h; path = User.h; sourceTree = "<group>"; };
		E9DB5C3018EE81BE007B2C84 /* User.m */ = {isa = PBXFileReference; fileEncoding = 4; lastKnownFileType = sourcecode.c.objc; path = User.m; sourceTree = "<group>"; };
		E9DB5C3218EE81CC007B2C84 /* Message.h */ = {isa = PBXFileReference; fileEncoding = 4; lastKnownFileType = sourcecode.c.h; path = Message.h; sourceTree = "<group>"; };
		E9DB5C3318EE81CC007B2C84 /* Message.m */ = {isa = PBXFileReference; fileEncoding = 4; lastKnownFileType = sourcecode.c.objc; path = Message.m; sourceTree = "<group>"; };
		E9DB5C3A18EE82B9007B2C84 /* ChatroomMapViewController.h */ = {isa = PBXFileReference; fileEncoding = 4; lastKnownFileType = sourcecode.c.h; path = ChatroomMapViewController.h; sourceTree = "<group>"; };
		E9DB5C3B18EE82B9007B2C84 /* ChatroomMapViewController.m */ = {isa = PBXFileReference; fileEncoding = 4; lastKnownFileType = sourcecode.c.objc; path = ChatroomMapViewController.m; sourceTree = "<group>"; };
		E9DB5C3C18EE82B9007B2C84 /* ChatroomMapViewController.xib */ = {isa = PBXFileReference; fileEncoding = 4; lastKnownFileType = file.xib; path = ChatroomMapViewController.xib; sourceTree = "<group>"; };
		E9DB5C4418EE82EE007B2C84 /* InviteUserViewController.h */ = {isa = PBXFileReference; fileEncoding = 4; lastKnownFileType = sourcecode.c.h; path = InviteUserViewController.h; sourceTree = "<group>"; };
		E9DB5C4518EE82EE007B2C84 /* InviteUserViewController.m */ = {isa = PBXFileReference; fileEncoding = 4; lastKnownFileType = sourcecode.c.objc; path = InviteUserViewController.m; sourceTree = "<group>"; };
		E9DB5C4618EE82EE007B2C84 /* InviteUserViewController.xib */ = {isa = PBXFileReference; fileEncoding = 4; lastKnownFileType = file.xib; path = InviteUserViewController.xib; sourceTree = "<group>"; };
		E9DB5C4E18EE83D4007B2C84 /* UserListView.h */ = {isa = PBXFileReference; fileEncoding = 4; lastKnownFileType = sourcecode.c.h; path = UserListView.h; sourceTree = "<group>"; };
		E9DB5C4F18EE83D4007B2C84 /* UserListView.m */ = {isa = PBXFileReference; fileEncoding = 4; lastKnownFileType = sourcecode.c.objc; path = UserListView.m; sourceTree = "<group>"; };
		E9DB5C5118EE83E8007B2C84 /* UserListView.xib */ = {isa = PBXFileReference; fileEncoding = 4; lastKnownFileType = file.xib; path = UserListView.xib; sourceTree = "<group>"; };
		E9DB5C5318EE8418007B2C84 /* InviteUserViewCell.h */ = {isa = PBXFileReference; fileEncoding = 4; lastKnownFileType = sourcecode.c.h; path = InviteUserViewCell.h; sourceTree = "<group>"; };
		E9DB5C5418EE8418007B2C84 /* InviteUserViewCell.m */ = {isa = PBXFileReference; fileEncoding = 4; lastKnownFileType = sourcecode.c.objc; path = InviteUserViewCell.m; sourceTree = "<group>"; };
		E9DB5C5618EE8435007B2C84 /* InviteUserViewCell.xib */ = {isa = PBXFileReference; fileEncoding = 4; lastKnownFileType = file.xib; path = InviteUserViewCell.xib; sourceTree = "<group>"; };
		E9DB5C5818EE8490007B2C84 /* InviteListAccountViewCell.h */ = {isa = PBXFileReference; fileEncoding = 4; lastKnownFileType = sourcecode.c.h; path = InviteListAccountViewCell.h; sourceTree = "<group>"; };
		E9DB5C5918EE8490007B2C84 /* InviteListAccountViewCell.m */ = {isa = PBXFileReference; fileEncoding = 4; lastKnownFileType = sourcecode.c.objc; path = InviteListAccountViewCell.m; sourceTree = "<group>"; };
		E9DB5C5B18EE84BA007B2C84 /* InviteListAccountViewCell.xib */ = {isa = PBXFileReference; fileEncoding = 4; lastKnownFileType = file.xib; path = InviteListAccountViewCell.xib; sourceTree = "<group>"; };
		E9DB5C6218EE8674007B2C84 /* MessageViewCell.h */ = {isa = PBXFileReference; fileEncoding = 4; lastKnownFileType = sourcecode.c.h; path = MessageViewCell.h; sourceTree = "<group>"; };
		E9DB5C6318EE8674007B2C84 /* MessageViewCell.m */ = {isa = PBXFileReference; fileEncoding = 4; lastKnownFileType = sourcecode.c.objc; path = MessageViewCell.m; sourceTree = "<group>"; };
		E9DB5C6518EE8680007B2C84 /* MessageViewCell.xib */ = {isa = PBXFileReference; fileEncoding = 4; lastKnownFileType = file.xib; path = MessageViewCell.xib; sourceTree = "<group>"; };
/* End PBXFileReference section */

/* Begin PBXFrameworksBuildPhase section */
		CA105B4318ECFA6300F78D28 /* Frameworks */ = {
			isa = PBXFrameworksBuildPhase;
			buildActionMask = 2147483647;
			files = (
				E983C58D190F460A0076F229 /* QuartzCore.framework in Frameworks */,
				CA5EDAD218F7AEF000C3A09B /* MapKit.framework in Frameworks */,
				CA105B4C18ECFA6300F78D28 /* CoreGraphics.framework in Frameworks */,
				CA105B4E18ECFA6300F78D28 /* UIKit.framework in Frameworks */,
				CA105B4A18ECFA6300F78D28 /* Foundation.framework in Frameworks */,
				FC2126CDEA2A4F5E8B11227D /* libPods.a in Frameworks */,
			);
			runOnlyForDeploymentPostprocessing = 0;
		};
		CA105B5E18ECFA6400F78D28 /* Frameworks */ = {
			isa = PBXFrameworksBuildPhase;
			buildActionMask = 2147483647;
			files = (
				CA105B6318ECFA6400F78D28 /* XCTest.framework in Frameworks */,
				CA105B6518ECFA6400F78D28 /* UIKit.framework in Frameworks */,
				CA105B6418ECFA6400F78D28 /* Foundation.framework in Frameworks */,
			);
			runOnlyForDeploymentPostprocessing = 0;
		};
/* End PBXFrameworksBuildPhase section */

/* Begin PBXGroup section */
		17602A8918FA41350048B9E0 /* api */ = {
			isa = PBXGroup;
			children = (
				17602A8A18FA416C0048B9E0 /* ChatRoomApi.h */,
				17602A8B18FA416C0048B9E0 /* ChatRoomApi.m */,
				17602A9718FB54190048B9E0 /* MessageApi.h */,
				17602A9818FB54190048B9E0 /* MessageApi.m */,
				17602A9A18FB54250048B9E0 /* UserApi.h */,
				17602A9B18FB54250048B9E0 /* UserApi.m */,
			);
			name = api;
			sourceTree = "<group>";
		};
		CA105B3D18ECFA6300F78D28 = {
			isa = PBXGroup;
			children = (
				CA105B4F18ECFA6300F78D28 /* Heresay */,
				CA105B6818ECFA6400F78D28 /* HeresayTests */,
				CA105B4818ECFA6300F78D28 /* Frameworks */,
				CA105B4718ECFA6300F78D28 /* Products */,
				BFB991D905884E70B8F0661E /* Pods.xcconfig */,
			);
			sourceTree = "<group>";
		};
		CA105B4718ECFA6300F78D28 /* Products */ = {
			isa = PBXGroup;
			children = (
				CA105B4618ECFA6300F78D28 /* Heresay.app */,
				CA105B6118ECFA6400F78D28 /* HeresayTests.xctest */,
			);
			name = Products;
			sourceTree = "<group>";
		};
		CA105B4818ECFA6300F78D28 /* Frameworks */ = {
			isa = PBXGroup;
			children = (
				E983C58C190F460A0076F229 /* QuartzCore.framework */,
				CAD881D019043C5F00FC3646 /* libPods-MBXMapKit.a */,
				CA5EDAD118F7AEF000C3A09B /* MapKit.framework */,
				CA105B4918ECFA6300F78D28 /* Foundation.framework */,
				CA105B4B18ECFA6300F78D28 /* CoreGraphics.framework */,
				CA105B4D18ECFA6300F78D28 /* UIKit.framework */,
				CA105B6218ECFA6400F78D28 /* XCTest.framework */,
				0F5EC7052AFA41239E2BC3E5 /* libPods.a */,
			);
			name = Frameworks;
			sourceTree = "<group>";
		};
		CA105B4F18ECFA6300F78D28 /* Heresay */ = {
			isa = PBXGroup;
			children = (
				E983C4FC190F45990076F229 /* JSMessagesViewController */,
				CA77FA59190A229300D8F60C /* Resources */,
				17602A8918FA41350048B9E0 /* api */,
				E9DB5C2918EE8145007B2C84 /* Models */,
				CA5EDAD318F7B1D100C3A09B /* Controllers */,
				E9DB5C2B18EE8179007B2C84 /* Views */,
				E9DB5C2A18EE8158007B2C84 /* ViewControllers */,
				CAD8816618FE4EF900FC3646 /* ChatroomMap */,
				CA105B5818ECFA6300F78D28 /* AppDelegate.h */,
				CA105B5918ECFA6300F78D28 /* AppDelegate.m */,
				CAD8814118F9C55000FC3646 /* dummyData.json */,
				CA105B5B18ECFA6300F78D28 /* Images.xcassets */,
				CA105B5018ECFA6300F78D28 /* Supporting Files */,
			);
			path = Heresay;
			sourceTree = "<group>";
		};
		CA105B5018ECFA6300F78D28 /* Supporting Files */ = {
			isa = PBXGroup;
			children = (
				CA105B5118ECFA6300F78D28 /* Heresay-Info.plist */,
				CA105B5218ECFA6300F78D28 /* InfoPlist.strings */,
				CA105B5518ECFA6300F78D28 /* main.m */,
				CA105B5718ECFA6300F78D28 /* Heresay-Prefix.pch */,
			);
			name = "Supporting Files";
			sourceTree = "<group>";
		};
		CA105B6818ECFA6400F78D28 /* HeresayTests */ = {
			isa = PBXGroup;
			children = (
				CA105B6E18ECFA6400F78D28 /* HeresayTests.m */,
				CA105B6918ECFA6400F78D28 /* Supporting Files */,
			);
			path = HeresayTests;
			sourceTree = "<group>";
		};
		CA105B6918ECFA6400F78D28 /* Supporting Files */ = {
			isa = PBXGroup;
			children = (
				CA105B6A18ECFA6400F78D28 /* HeresayTests-Info.plist */,
				CA105B6B18ECFA6400F78D28 /* InfoPlist.strings */,
			);
			name = "Supporting Files";
			sourceTree = "<group>";
		};
		CA5EDAD318F7B1D100C3A09B /* Controllers */ = {
			isa = PBXGroup;
			children = (
				CA5EDAD418F7B1E800C3A09B /* LocationManager.h */,
				CA5EDAD518F7B1E800C3A09B /* LocationManager.m */,
				CA5EDADC18F7C7CE00C3A09B /* ChatroomSelectorDelegate.h */,
				CAD8813E18F9B09F00FC3646 /* DummyDataProvider.h */,
				CAD8813F18F9B09F00FC3646 /* DummyDataProvider.m */,
				CAD881D81904D30700FC3646 /* AppConstants.h */,
				CAD881D91904D30700FC3646 /* AppConstants.m */,
				CABEA503190A147300B132C3 /* UIColor+HeresayColor.h */,
				CABEA504190A147300B132C3 /* UIColor+HeresayColor.m */,
			);
			name = Controllers;
			sourceTree = "<group>";
		};
		CA77FA59190A229300D8F60C /* Resources */ = {
			isa = PBXGroup;
			children = (
				CA77FA67190A423400D8F60C /* chatroomCard.png */,
				CA77FA63190A2C3D00D8F60C /* Overlock-Italic.ttf */,
				CA77FA64190A2C3D00D8F60C /* OpenSans-Regular.ttf */,
				CA77FA5D190A277C00D8F60C /* OpenSans-Light.ttf */,
				CA77FA5E190A277C00D8F60C /* OpenSans-LightItalic.ttf */,
				CA77FA5F190A277C00D8F60C /* Overlock-Regular.ttf */,
			);
			name = Resources;
			path = resources;
			sourceTree = "<group>";
		};
		CAD8816618FE4EF900FC3646 /* ChatroomMap */ = {
			isa = PBXGroup;
			children = (
				CAD8816718FE4F2900FC3646 /* ChatroomMapOverlay.h */,
				CAD8816818FE4F2900FC3646 /* ChatroomMapOverlay.m */,
				CAD881D21904735500FC3646 /* ChatroomMapOverlayRenderer.h */,
				CAD881D31904735500FC3646 /* ChatroomMapOverlayRenderer.m */,
			);
			name = ChatroomMap;
			sourceTree = "<group>";
		};
		E983C4FC190F45990076F229 /* JSMessagesViewController */ = {
			isa = PBXGroup;
			children = (
				E983C4FD190F45990076F229 /* Classes */,
				E983C51D190F45990076F229 /* Resources */,
			);
			path = JSMessagesViewController;
			sourceTree = "<group>";
		};
		E983C4FD190F45990076F229 /* Classes */ = {
			isa = PBXGroup;
			children = (
				E983C4FE190F45990076F229 /* Categories */,
				E983C505190F45990076F229 /* Factories */,
				E983C50A190F45990076F229 /* JSBubbleMessageCell.h */,
				E983C50B190F45990076F229 /* JSBubbleMessageCell.m */,
				E983C50C190F45990076F229 /* JSBubbleView.h */,
				E983C50D190F45990076F229 /* JSBubbleView.m */,
				E983C50E190F45990076F229 /* JSDismissiveTextView.h */,
				E983C50F190F45990076F229 /* JSDismissiveTextView.m */,
				E983C510190F45990076F229 /* JSMessage.h */,
				E983C511190F45990076F229 /* JSMessage.m */,
				E983C512190F45990076F229 /* JSMessageData.h */,
				E983C513190F45990076F229 /* JSMessageInputView.h */,
				E983C514190F45990076F229 /* JSMessageInputView.m */,
				E983C515190F45990076F229 /* JSMessageSoundEffect.h */,
				E983C516190F45990076F229 /* JSMessageSoundEffect.m */,
				E983C517190F45990076F229 /* JSMessagesViewController.h */,
				E983C518190F45990076F229 /* JSMessagesViewController.m */,
				E983C519190F45990076F229 /* JSMessageTableView.h */,
				E983C51A190F45990076F229 /* JSMessageTableView.m */,
				E983C51B190F45990076F229 /* JSMessageTextView.h */,
				E983C51C190F45990076F229 /* JSMessageTextView.m */,
			);
			path = Classes;
			sourceTree = "<group>";
		};
		E983C4FE190F45990076F229 /* Categories */ = {
			isa = PBXGroup;
			children = (
				E983C4FF190F45990076F229 /* NSString+JSMessagesView.h */,
				E983C500190F45990076F229 /* NSString+JSMessagesView.m */,
				E983C501190F45990076F229 /* UIColor+JSMessagesView.h */,
				E983C502190F45990076F229 /* UIColor+JSMessagesView.m */,
				E983C503190F45990076F229 /* UIImage+JSMessagesView.h */,
				E983C504190F45990076F229 /* UIImage+JSMessagesView.m */,
			);
			path = Categories;
			sourceTree = "<group>";
		};
		E983C505190F45990076F229 /* Factories */ = {
			isa = PBXGroup;
			children = (
				E983C506190F45990076F229 /* JSAvatarImageFactory.h */,
				E983C507190F45990076F229 /* JSAvatarImageFactory.m */,
				E983C508190F45990076F229 /* JSBubbleImageViewFactory.h */,
				E983C509190F45990076F229 /* JSBubbleImageViewFactory.m */,
			);
			path = Factories;
			sourceTree = "<group>";
		};
		E983C51D190F45990076F229 /* Resources */ = {
			isa = PBXGroup;
			children = (
				E983C51E190F45990076F229 /* Images */,
				E983C54F190F45990076F229 /* Sounds */,
			);
			path = Resources;
			sourceTree = "<group>";
		};
		E983C51E190F45990076F229 /* Images */ = {
			isa = PBXGroup;
			children = (
				E983C51F190F45990076F229 /* avatar */,
				E983C522190F45990076F229 /* bubble-classic */,
				E983C52D190F45990076F229 /* bubble-classic-square */,
				E983C534190F45990076F229 /* bubble-flat */,
				E983C541190F45990076F229 /* input-bar-classic */,
				E983C54A190F45990076F229 /* input-bar-flat */,
			);
			path = Images;
			sourceTree = "<group>";
		};
		E983C51F190F45990076F229 /* avatar */ = {
			isa = PBXGroup;
			children = (
				E983C520190F45990076F229 /* avatar-placeholder.png */,
				E983C521190F45990076F229 /* avatar-placeholder@2x.png */,
			);
			path = avatar;
			sourceTree = "<group>";
		};
		E983C522190F45990076F229 /* bubble-classic */ = {
			isa = PBXGroup;
			children = (
				E983C523190F45990076F229 /* bubble-classic-blue.png */,
				E983C524190F45990076F229 /* bubble-classic-blue@2x.png */,
				E983C525190F45990076F229 /* bubble-classic-gray.png */,
				E983C526190F45990076F229 /* bubble-classic-gray@2x.png */,
				E983C527190F45990076F229 /* bubble-classic-green.png */,
				E983C528190F45990076F229 /* bubble-classic-green@2x.png */,
				E983C529190F45990076F229 /* bubble-classic-selected.png */,
				E983C52A190F45990076F229 /* bubble-classic-selected@2x.png */,
				E983C52B190F45990076F229 /* bubble-classic-typing.png */,
				E983C52C190F45990076F229 /* bubble-classic-typing@2x.png */,
			);
			path = "bubble-classic";
			sourceTree = "<group>";
		};
		E983C52D190F45990076F229 /* bubble-classic-square */ = {
			isa = PBXGroup;
			children = (
				E983C52E190F45990076F229 /* bubble-classic-square-blue.png */,
				E983C52F190F45990076F229 /* bubble-classic-square-blue@2x.png */,
				E983C530190F45990076F229 /* bubble-classic-square-gray.png */,
				E983C531190F45990076F229 /* bubble-classic-square-gray@2x.png */,
				E983C532190F45990076F229 /* bubble-classic-square-selected.png */,
				E983C533190F45990076F229 /* bubble-classic-square-selected@2x.png */,
			);
			path = "bubble-classic-square";
			sourceTree = "<group>";
		};
		E983C534190F45990076F229 /* bubble-flat */ = {
			isa = PBXGroup;
			children = (
				E983C535190F45990076F229 /* bubble-min-tailless.png */,
				E983C536190F45990076F229 /* bubble-min-tailless@2x.png */,
				E983C537190F45990076F229 /* bubble-min.png */,
				E983C538190F45990076F229 /* bubble-min@2x.png */,
				E983C539190F45990076F229 /* bubble-stroked-tailless.png */,
				E983C53A190F45990076F229 /* bubble-stroked-tailless@2x.png */,
				E983C53B190F45990076F229 /* bubble-stroked.png */,
				E983C53C190F45990076F229 /* bubble-stroked@2x.png */,
				E983C53D190F45990076F229 /* bubble-tailless.png */,
				E983C53E190F45990076F229 /* bubble-tailless@2x.png */,
				E983C53F190F45990076F229 /* bubble.png */,
				E983C540190F45990076F229 /* bubble@2x.png */,
			);
			path = "bubble-flat";
			sourceTree = "<group>";
		};
		E983C541190F45990076F229 /* input-bar-classic */ = {
			isa = PBXGroup;
			children = (
				E983C542190F45990076F229 /* input-bar-background.png */,
				E983C543190F45990076F229 /* input-bar-background@2x.png */,
				E983C544190F45990076F229 /* input-field-cover.png */,
				E983C545190F45990076F229 /* input-field-cover@2x.png */,
				E983C546190F45990076F229 /* send-button-pressed.png */,
				E983C547190F45990076F229 /* send-button-pressed@2x.png */,
				E983C548190F45990076F229 /* send-button.png */,
				E983C549190F45990076F229 /* send-button@2x.png */,
			);
			path = "input-bar-classic";
			sourceTree = "<group>";
		};
		E983C54A190F45990076F229 /* input-bar-flat */ = {
			isa = PBXGroup;
			children = (
				E983C54B190F45990076F229 /* button-photo.png */,
				E983C54C190F45990076F229 /* button-photo@2x.png */,
				E983C54D190F45990076F229 /* input-bar-flat.png */,
				E983C54E190F45990076F229 /* input-bar-flat@2x.png */,
			);
			path = "input-bar-flat";
			sourceTree = "<group>";
		};
		E983C54F190F45990076F229 /* Sounds */ = {
			isa = PBXGroup;
			children = (
				E983C550190F45990076F229 /* message-received.aiff */,
				E983C551190F45990076F229 /* message-sent.aiff */,
			);
			path = Sounds;
			sourceTree = "<group>";
		};
		E9DB5C2918EE8145007B2C84 /* Models */ = {
			isa = PBXGroup;
			children = (
				E9DB5C2C18EE81A9007B2C84 /* Chatroom.h */,
				E9DB5C2D18EE81A9007B2C84 /* Chatroom.m */,
				E9DB5C2F18EE81BE007B2C84 /* User.h */,
				E9DB5C3018EE81BE007B2C84 /* User.m */,
				E9DB5C3218EE81CC007B2C84 /* Message.h */,
				E9DB5C3318EE81CC007B2C84 /* Message.m */,
			);
			name = Models;
			sourceTree = "<group>";
		};
		E9DB5C2A18EE8158007B2C84 /* ViewControllers */ = {
			isa = PBXGroup;
			children = (
				E9CE0B9D1904B18700EB51DC /* IntroSlideViewController.h */,
				E9CE0B9E1904B18700EB51DC /* IntroSlideViewController.m */,
				E9CE0B9F1904B18700EB51DC /* IntroSlideViewController.xib */,
				CAD881BA1902F44D00FC3646 /* ChatroomContainerViewController.h */,
				CAD881BB1902F44D00FC3646 /* ChatroomContainerViewController.m */,
				CAD881BC1902F44D00FC3646 /* ChatroomContainerViewController.xib */,
				E9DB5C3A18EE82B9007B2C84 /* ChatroomMapViewController.h */,
				E9DB5C3B18EE82B9007B2C84 /* ChatroomMapViewController.m */,
				E9DB5C3C18EE82B9007B2C84 /* ChatroomMapViewController.xib */,
				CAD881BF1902FBBF00FC3646 /* ChatroomCardsViewController.h */,
				CAD881C01902FBBF00FC3646 /* ChatroomCardsViewController.m */,
				CAD881C11902FBBF00FC3646 /* ChatroomCardsViewController.xib */,
				CA5EDAD718F7B6CE00C3A09B /* IntroViewController.h */,
				CA5EDAD818F7B6CE00C3A09B /* IntroViewController.m */,
				CA5EDAD918F7B6CE00C3A09B /* IntroViewController.xib */,
				17602A9218FB52180048B9E0 /* MainSettingsViewController.h */,
				17602A9318FB52180048B9E0 /* MainSettingsViewController.m */,
				17602A9418FB52180048B9E0 /* MainSettingsViewController.xib */,
				E9DB5C4418EE82EE007B2C84 /* InviteUserViewController.h */,
				E9DB5C4518EE82EE007B2C84 /* InviteUserViewController.m */,
				E9DB5C4618EE82EE007B2C84 /* InviteUserViewController.xib */,
				CA5EDADF18F7CC9F00C3A09B /* LoginViewController.h */,
				CA5EDAE018F7CC9F00C3A09B /* LoginViewController.m */,
				CA5EDAE118F7CC9F00C3A09B /* LoginViewController.xib */,
				E99EA19818FAFD9A0020F8EE /* ChatroomViewController.h */,
				E99EA19918FAFD9A0020F8EE /* ChatroomViewController.m */,
				E99EA19A18FAFD9A0020F8EE /* ChatroomViewController.xib */,
			);
			name = ViewControllers;
			sourceTree = "<group>";
		};
		E9DB5C2B18EE8179007B2C84 /* Views */ = {
			isa = PBXGroup;
			children = (
				E9CE0B9A1904B02800EB51DC /* IntroSlide.h */,
				E9CE0B9B1904B02800EB51DC /* IntroSlide.m */,
				CAD881C919031D7B00FC3646 /* ChatroomCardViewCell.h */,
				CAD881CA19031D7B00FC3646 /* ChatroomCardViewCell.m */,
				CAD881CE1903217E00FC3646 /* ChatroomCardViewCell.xib */,
				E9DB5C4E18EE83D4007B2C84 /* UserListView.h */,
				E9DB5C4F18EE83D4007B2C84 /* UserListView.m */,
				E9DB5C5118EE83E8007B2C84 /* UserListView.xib */,
				E9DB5C5318EE8418007B2C84 /* InviteUserViewCell.h */,
				E9DB5C5418EE8418007B2C84 /* InviteUserViewCell.m */,
				E9DB5C5618EE8435007B2C84 /* InviteUserViewCell.xib */,
				E9DB5C5818EE8490007B2C84 /* InviteListAccountViewCell.h */,
				E9DB5C5918EE8490007B2C84 /* InviteListAccountViewCell.m */,
				E9DB5C5B18EE84BA007B2C84 /* InviteListAccountViewCell.xib */,
				E9DB5C6218EE8674007B2C84 /* MessageViewCell.h */,
				E9DB5C6318EE8674007B2C84 /* MessageViewCell.m */,
				E9DB5C6518EE8680007B2C84 /* MessageViewCell.xib */,
			);
			name = Views;
			sourceTree = "<group>";
		};
/* End PBXGroup section */

/* Begin PBXNativeTarget section */
		CA105B4518ECFA6300F78D28 /* Heresay */ = {
			isa = PBXNativeTarget;
			buildConfigurationList = CA105B7218ECFA6400F78D28 /* Build configuration list for PBXNativeTarget "Heresay" */;
			buildPhases = (
				CA105B4218ECFA6300F78D28 /* Sources */,
				CA105B4318ECFA6300F78D28 /* Frameworks */,
				CA105B4418ECFA6300F78D28 /* Resources */,
			);
			buildRules = (
			);
			dependencies = (
			);
			name = Heresay;
			productName = Heresay;
			productReference = CA105B4618ECFA6300F78D28 /* Heresay.app */;
			productType = "com.apple.product-type.application";
		};
		CA105B6018ECFA6400F78D28 /* HeresayTests */ = {
			isa = PBXNativeTarget;
			buildConfigurationList = CA105B7518ECFA6400F78D28 /* Build configuration list for PBXNativeTarget "HeresayTests" */;
			buildPhases = (
				CA105B5D18ECFA6400F78D28 /* Sources */,
				CA105B5E18ECFA6400F78D28 /* Frameworks */,
				CA105B5F18ECFA6400F78D28 /* Resources */,
			);
			buildRules = (
			);
			dependencies = (
				CA105B6718ECFA6400F78D28 /* PBXTargetDependency */,
			);
			name = HeresayTests;
			productName = HeresayTests;
			productReference = CA105B6118ECFA6400F78D28 /* HeresayTests.xctest */;
			productType = "com.apple.product-type.bundle.unit-test";
		};
/* End PBXNativeTarget section */

/* Begin PBXProject section */
		CA105B3E18ECFA6300F78D28 /* Project object */ = {
			isa = PBXProject;
			attributes = {
				LastUpgradeCheck = 0510;
				ORGANIZATIONNAME = "Heresay Industries, Ltd.";
				TargetAttributes = {
					CA105B6018ECFA6400F78D28 = {
						TestTargetID = CA105B4518ECFA6300F78D28;
					};
				};
			};
			buildConfigurationList = CA105B4118ECFA6300F78D28 /* Build configuration list for PBXProject "Heresay" */;
			compatibilityVersion = "Xcode 3.2";
			developmentRegion = English;
			hasScannedForEncodings = 0;
			knownRegions = (
				en,
			);
			mainGroup = CA105B3D18ECFA6300F78D28;
			productRefGroup = CA105B4718ECFA6300F78D28 /* Products */;
			projectDirPath = "";
			projectRoot = "";
			targets = (
				CA105B4518ECFA6300F78D28 /* Heresay */,
				CA105B6018ECFA6400F78D28 /* HeresayTests */,
			);
		};
/* End PBXProject section */

/* Begin PBXResourcesBuildPhase section */
		CA105B4418ECFA6300F78D28 /* Resources */ = {
			isa = PBXResourcesBuildPhase;
			buildActionMask = 2147483647;
			files = (
				E983C560190F45990076F229 /* avatar-placeholder.png in Resources */,
				E9CE0BA11904B18700EB51DC /* IntroSlideViewController.xib in Resources */,
				CAD881C31902FBBF00FC3646 /* ChatroomCardsViewController.xib in Resources */,
				E983C56D190F45990076F229 /* bubble-classic-square-blue@2x.png in Resources */,
				E983C573190F45990076F229 /* bubble-min-tailless@2x.png in Resources */,
				E983C570190F45990076F229 /* bubble-classic-square-selected.png in Resources */,
				E983C58A190F45990076F229 /* message-received.aiff in Resources */,
				E983C56E190F45990076F229 /* bubble-classic-square-gray.png in Resources */,
				E9DB5C3E18EE82B9007B2C84 /* ChatroomMapViewController.xib in Resources */,
				E983C581190F45990076F229 /* input-field-cover@2x.png in Resources */,
				CA105B5418ECFA6300F78D28 /* InfoPlist.strings in Resources */,
				CA105B5C18ECFA6300F78D28 /* Images.xcassets in Resources */,
				E983C572190F45990076F229 /* bubble-min-tailless.png in Resources */,
				E983C562190F45990076F229 /* bubble-classic-blue.png in Resources */,
				E983C57A190F45990076F229 /* bubble-tailless.png in Resources */,
				E983C583190F45990076F229 /* send-button-pressed@2x.png in Resources */,
				E983C567190F45990076F229 /* bubble-classic-green@2x.png in Resources */,
				E9DB5C5C18EE84BA007B2C84 /* InviteListAccountViewCell.xib in Resources */,
				E983C566190F45990076F229 /* bubble-classic-green.png in Resources */,
				E983C576190F45990076F229 /* bubble-stroked-tailless.png in Resources */,
				CA77FA60190A277C00D8F60C /* OpenSans-Light.ttf in Resources */,
				E983C56C190F45990076F229 /* bubble-classic-square-blue.png in Resources */,
				CA77FA65190A2C3D00D8F60C /* Overlock-Italic.ttf in Resources */,
				CA77FA66190A2C3D00D8F60C /* OpenSans-Regular.ttf in Resources */,
				E983C580190F45990076F229 /* input-field-cover.png in Resources */,
				CA5EDAE318F7CC9F00C3A09B /* LoginViewController.xib in Resources */,
				E983C584190F45990076F229 /* send-button.png in Resources */,
				E983C56B190F45990076F229 /* bubble-classic-typing@2x.png in Resources */,
				E983C569190F45990076F229 /* bubble-classic-selected@2x.png in Resources */,
				E983C561190F45990076F229 /* avatar-placeholder@2x.png in Resources */,
				E983C57D190F45990076F229 /* bubble@2x.png in Resources */,
				E9DB5C4818EE82EE007B2C84 /* InviteUserViewController.xib in Resources */,
				E983C56F190F45990076F229 /* bubble-classic-square-gray@2x.png in Resources */,
				CA77FA68190A423400D8F60C /* chatroomCard.png in Resources */,
				E983C571190F45990076F229 /* bubble-classic-square-selected@2x.png in Resources */,
				E983C57E190F45990076F229 /* input-bar-background.png in Resources */,
				E983C575190F45990076F229 /* bubble-min@2x.png in Resources */,
				E9DB5C6618EE8680007B2C84 /* MessageViewCell.xib in Resources */,
				CA77FA62190A277C00D8F60C /* Overlock-Regular.ttf in Resources */,
				CAD881CF1903217E00FC3646 /* ChatroomCardViewCell.xib in Resources */,
				E983C585190F45990076F229 /* send-button@2x.png in Resources */,
				E983C563190F45990076F229 /* bubble-classic-blue@2x.png in Resources */,
				E983C577190F45990076F229 /* bubble-stroked-tailless@2x.png in Resources */,
				17602A9618FB52180048B9E0 /* MainSettingsViewController.xib in Resources */,
				E983C588190F45990076F229 /* input-bar-flat.png in Resources */,
				E983C56A190F45990076F229 /* bubble-classic-typing.png in Resources */,
				CAD8814218F9C55000FC3646 /* dummyData.json in Resources */,
				E983C565190F45990076F229 /* bubble-classic-gray@2x.png in Resources */,
				E983C57B190F45990076F229 /* bubble-tailless@2x.png in Resources */,
				E983C589190F45990076F229 /* input-bar-flat@2x.png in Resources */,
				E983C564190F45990076F229 /* bubble-classic-gray.png in Resources */,
				E983C58B190F45990076F229 /* message-sent.aiff in Resources */,
				E983C57C190F45990076F229 /* bubble.png in Resources */,
				CAD881BE1902F44D00FC3646 /* ChatroomContainerViewController.xib in Resources */,
				E983C579190F45990076F229 /* bubble-stroked@2x.png in Resources */,
				CA5EDADB18F7B6CE00C3A09B /* IntroViewController.xib in Resources */,
				E983C586190F45990076F229 /* button-photo.png in Resources */,
				E983C574190F45990076F229 /* bubble-min.png in Resources */,
				E983C578190F45990076F229 /* bubble-stroked.png in Resources */,
				CA77FA61190A277C00D8F60C /* OpenSans-LightItalic.ttf in Resources */,
				E983C582190F45990076F229 /* send-button-pressed.png in Resources */,
				E9DB5C5718EE8435007B2C84 /* InviteUserViewCell.xib in Resources */,
				E99EA19C18FAFD9A0020F8EE /* ChatroomViewController.xib in Resources */,
				E983C587190F45990076F229 /* button-photo@2x.png in Resources */,
				E983C57F190F45990076F229 /* input-bar-background@2x.png in Resources */,
				E9DB5C5218EE83E8007B2C84 /* UserListView.xib in Resources */,
				E983C568190F45990076F229 /* bubble-classic-selected.png in Resources */,
			);
			runOnlyForDeploymentPostprocessing = 0;
		};
		CA105B5F18ECFA6400F78D28 /* Resources */ = {
			isa = PBXResourcesBuildPhase;
			buildActionMask = 2147483647;
			files = (
				CA105B6D18ECFA6400F78D28 /* InfoPlist.strings in Resources */,
			);
			runOnlyForDeploymentPostprocessing = 0;
		};
/* End PBXResourcesBuildPhase section */

/* Begin PBXSourcesBuildPhase section */
		CA105B4218ECFA6300F78D28 /* Sources */ = {
			isa = PBXSourcesBuildPhase;
			buildActionMask = 2147483647;
			files = (
				CAD881CB19031D7B00FC3646 /* ChatroomCardViewCell.m in Sources */,
				E9DB5C3118EE81BE007B2C84 /* User.m in Sources */,
				E9DB5C4718EE82EE007B2C84 /* InviteUserViewController.m in Sources */,
				E983C559190F45990076F229 /* JSDismissiveTextView.m in Sources */,
				CAD881D41904735500FC3646 /* ChatroomMapOverlayRenderer.m in Sources */,
				17602A8C18FA416C0048B9E0 /* ChatRoomApi.m in Sources */,
				CAD8814018F9B09F00FC3646 /* DummyDataProvider.m in Sources */,
				CA5EDAE218F7CC9F00C3A09B /* LoginViewController.m in Sources */,
				CAD8816918FE4F2900FC3646 /* ChatroomMapOverlay.m in Sources */,
				17602A9518FB52180048B9E0 /* MainSettingsViewController.m in Sources */,
				CAD881C21902FBBF00FC3646 /* ChatroomCardsViewController.m in Sources */,
				E9DB5C2E18EE81A9007B2C84 /* Chatroom.m in Sources */,
				CA5EDAD618F7B1E800C3A09B /* LocationManager.m in Sources */,
				E983C556190F45990076F229 /* JSBubbleImageViewFactory.m in Sources */,
				E983C55E190F45990076F229 /* JSMessageTableView.m in Sources */,
				E983C55D190F45990076F229 /* JSMessagesViewController.m in Sources */,
				E983C55B190F45990076F229 /* JSMessageInputView.m in Sources */,
				E983C558190F45990076F229 /* JSBubbleView.m in Sources */,
				E9DB5C5018EE83D4007B2C84 /* UserListView.m in Sources */,
				E983C55C190F45990076F229 /* JSMessageSoundEffect.m in Sources */,
				E983C55A190F45990076F229 /* JSMessage.m in Sources */,
				E983C553190F45990076F229 /* UIColor+JSMessagesView.m in Sources */,
				E983C55F190F45990076F229 /* JSMessageTextView.m in Sources */,
				CAD881DA1904D30700FC3646 /* AppConstants.m in Sources */,
				E983C554190F45990076F229 /* UIImage+JSMessagesView.m in Sources */,
				E9DB5C3418EE81CC007B2C84 /* Message.m in Sources */,
				E9DB5C5518EE8418007B2C84 /* InviteUserViewCell.m in Sources */,
				E983C555190F45990076F229 /* JSAvatarImageFactory.m in Sources */,
				E9CE0BA01904B18700EB51DC /* IntroSlideViewController.m in Sources */,
				E9DB5C3D18EE82B9007B2C84 /* ChatroomMapViewController.m in Sources */,
				CA5EDADA18F7B6CE00C3A09B /* IntroViewController.m in Sources */,
				E9DB5C5A18EE8490007B2C84 /* InviteListAccountViewCell.m in Sources */,
				E9DB5C6418EE8674007B2C84 /* MessageViewCell.m in Sources */,
				E983C557190F45990076F229 /* JSBubbleMessageCell.m in Sources */,
				CABEA505190A147300B132C3 /* UIColor+HeresayColor.m in Sources */,
				E99EA19B18FAFD9A0020F8EE /* ChatroomViewController.m in Sources */,
				E983C552190F45990076F229 /* NSString+JSMessagesView.m in Sources */,
				E9CE0B9C1904B02800EB51DC /* IntroSlide.m in Sources */,
				CA105B5A18ECFA6300F78D28 /* AppDelegate.m in Sources */,
				17602A9918FB54190048B9E0 /* MessageApi.m in Sources */,
				CA105B5618ECFA6300F78D28 /* main.m in Sources */,
				17602A9C18FB54250048B9E0 /* UserApi.m in Sources */,
				CAD881BD1902F44D00FC3646 /* ChatroomContainerViewController.m in Sources */,
			);
			runOnlyForDeploymentPostprocessing = 0;
		};
		CA105B5D18ECFA6400F78D28 /* Sources */ = {
			isa = PBXSourcesBuildPhase;
			buildActionMask = 2147483647;
			files = (
				CA105B6F18ECFA6400F78D28 /* HeresayTests.m in Sources */,
			);
			runOnlyForDeploymentPostprocessing = 0;
		};
/* End PBXSourcesBuildPhase section */

/* Begin PBXTargetDependency section */
		CA105B6718ECFA6400F78D28 /* PBXTargetDependency */ = {
			isa = PBXTargetDependency;
			target = CA105B4518ECFA6300F78D28 /* Heresay */;
			targetProxy = CA105B6618ECFA6400F78D28 /* PBXContainerItemProxy */;
		};
/* End PBXTargetDependency section */

/* Begin PBXVariantGroup section */
		CA105B5218ECFA6300F78D28 /* InfoPlist.strings */ = {
			isa = PBXVariantGroup;
			children = (
				CA105B5318ECFA6300F78D28 /* en */,
			);
			name = InfoPlist.strings;
			sourceTree = "<group>";
		};
		CA105B6B18ECFA6400F78D28 /* InfoPlist.strings */ = {
			isa = PBXVariantGroup;
			children = (
				CA105B6C18ECFA6400F78D28 /* en */,
			);
			name = InfoPlist.strings;
			sourceTree = "<group>";
		};
/* End PBXVariantGroup section */

/* Begin XCBuildConfiguration section */
		CA105B7018ECFA6400F78D28 /* Debug */ = {
			isa = XCBuildConfiguration;
			buildSettings = {
				ALWAYS_SEARCH_USER_PATHS = NO;
				CLANG_CXX_LANGUAGE_STANDARD = "gnu++0x";
				CLANG_CXX_LIBRARY = "libc++";
				CLANG_ENABLE_MODULES = YES;
				CLANG_ENABLE_OBJC_ARC = YES;
				CLANG_WARN_BOOL_CONVERSION = YES;
				CLANG_WARN_CONSTANT_CONVERSION = YES;
				CLANG_WARN_DIRECT_OBJC_ISA_USAGE = YES_ERROR;
				CLANG_WARN_EMPTY_BODY = YES;
				CLANG_WARN_ENUM_CONVERSION = YES;
				CLANG_WARN_INT_CONVERSION = YES;
				CLANG_WARN_OBJC_ROOT_CLASS = YES_ERROR;
				CLANG_WARN__DUPLICATE_METHOD_MATCH = YES;
				"CODE_SIGN_IDENTITY[sdk=iphoneos*]" = "iPhone Developer";
				COPY_PHASE_STRIP = NO;
				GCC_C_LANGUAGE_STANDARD = gnu99;
				GCC_DYNAMIC_NO_PIC = NO;
				GCC_OPTIMIZATION_LEVEL = 0;
				GCC_PREPROCESSOR_DEFINITIONS = (
					"DEBUG=1",
					"$(inherited)",
				);
				GCC_SYMBOLS_PRIVATE_EXTERN = NO;
				GCC_WARN_64_TO_32_BIT_CONVERSION = YES;
				GCC_WARN_ABOUT_RETURN_TYPE = YES_ERROR;
				GCC_WARN_UNDECLARED_SELECTOR = YES;
				GCC_WARN_UNINITIALIZED_AUTOS = YES_AGGRESSIVE;
				GCC_WARN_UNUSED_FUNCTION = YES;
				GCC_WARN_UNUSED_VARIABLE = YES;
				IPHONEOS_DEPLOYMENT_TARGET = 7.0;
				ONLY_ACTIVE_ARCH = YES;
				SDKROOT = iphoneos;
			};
			name = Debug;
		};
		CA105B7118ECFA6400F78D28 /* Release */ = {
			isa = XCBuildConfiguration;
			buildSettings = {
				ALWAYS_SEARCH_USER_PATHS = NO;
				CLANG_CXX_LANGUAGE_STANDARD = "gnu++0x";
				CLANG_CXX_LIBRARY = "libc++";
				CLANG_ENABLE_MODULES = YES;
				CLANG_ENABLE_OBJC_ARC = YES;
				CLANG_WARN_BOOL_CONVERSION = YES;
				CLANG_WARN_CONSTANT_CONVERSION = YES;
				CLANG_WARN_DIRECT_OBJC_ISA_USAGE = YES_ERROR;
				CLANG_WARN_EMPTY_BODY = YES;
				CLANG_WARN_ENUM_CONVERSION = YES;
				CLANG_WARN_INT_CONVERSION = YES;
				CLANG_WARN_OBJC_ROOT_CLASS = YES_ERROR;
				CLANG_WARN__DUPLICATE_METHOD_MATCH = YES;
				"CODE_SIGN_IDENTITY[sdk=iphoneos*]" = "iPhone Developer";
				COPY_PHASE_STRIP = YES;
				ENABLE_NS_ASSERTIONS = NO;
				GCC_C_LANGUAGE_STANDARD = gnu99;
				GCC_WARN_64_TO_32_BIT_CONVERSION = YES;
				GCC_WARN_ABOUT_RETURN_TYPE = YES_ERROR;
				GCC_WARN_UNDECLARED_SELECTOR = YES;
				GCC_WARN_UNINITIALIZED_AUTOS = YES_AGGRESSIVE;
				GCC_WARN_UNUSED_FUNCTION = YES;
				GCC_WARN_UNUSED_VARIABLE = YES;
				IPHONEOS_DEPLOYMENT_TARGET = 7.0;
				SDKROOT = iphoneos;
				VALIDATE_PRODUCT = YES;
			};
			name = Release;
		};
		CA105B7318ECFA6400F78D28 /* Debug */ = {
			isa = XCBuildConfiguration;
			baseConfigurationReference = BFB991D905884E70B8F0661E /* Pods.xcconfig */;
			buildSettings = {
				ASSETCATALOG_COMPILER_APPICON_NAME = AppIcon;
				ASSETCATALOG_COMPILER_LAUNCHIMAGE_NAME = LaunchImage;
				GCC_PRECOMPILE_PREFIX_HEADER = YES;
				GCC_PREFIX_HEADER = "Heresay/Heresay-Prefix.pch";
				INFOPLIST_FILE = "Heresay/Heresay-Info.plist";
				LIBRARY_SEARCH_PATHS = (
					"$(inherited)",
					"$(PROJECT_DIR)/Pods/build/Debug-iphoneos",
				);
				PRODUCT_NAME = "$(TARGET_NAME)";
				WRAPPER_EXTENSION = app;
			};
			name = Debug;
		};
		CA105B7418ECFA6400F78D28 /* Release */ = {
			isa = XCBuildConfiguration;
			baseConfigurationReference = BFB991D905884E70B8F0661E /* Pods.xcconfig */;
			buildSettings = {
				ASSETCATALOG_COMPILER_APPICON_NAME = AppIcon;
				ASSETCATALOG_COMPILER_LAUNCHIMAGE_NAME = LaunchImage;
				GCC_PRECOMPILE_PREFIX_HEADER = YES;
				GCC_PREFIX_HEADER = "Heresay/Heresay-Prefix.pch";
				INFOPLIST_FILE = "Heresay/Heresay-Info.plist";
				LIBRARY_SEARCH_PATHS = (
					"$(inherited)",
					"$(PROJECT_DIR)/Pods/build/Debug-iphoneos",
				);
				PRODUCT_NAME = "$(TARGET_NAME)";
				WRAPPER_EXTENSION = app;
			};
			name = Release;
		};
		CA105B7618ECFA6400F78D28 /* Debug */ = {
			isa = XCBuildConfiguration;
			buildSettings = {
				BUNDLE_LOADER = "$(BUILT_PRODUCTS_DIR)/Heresay.app/Heresay";
				FRAMEWORK_SEARCH_PATHS = (
					"$(SDKROOT)/Developer/Library/Frameworks",
					"$(inherited)",
					"$(DEVELOPER_FRAMEWORKS_DIR)",
				);
				GCC_PRECOMPILE_PREFIX_HEADER = YES;
				GCC_PREFIX_HEADER = "Heresay/Heresay-Prefix.pch";
				GCC_PREPROCESSOR_DEFINITIONS = (
					"DEBUG=1",
					"$(inherited)",
				);
				INFOPLIST_FILE = "HeresayTests/HeresayTests-Info.plist";
				PRODUCT_NAME = "$(TARGET_NAME)";
				TEST_HOST = "$(BUNDLE_LOADER)";
				WRAPPER_EXTENSION = xctest;
			};
			name = Debug;
		};
		CA105B7718ECFA6400F78D28 /* Release */ = {
			isa = XCBuildConfiguration;
			buildSettings = {
				BUNDLE_LOADER = "$(BUILT_PRODUCTS_DIR)/Heresay.app/Heresay";
				FRAMEWORK_SEARCH_PATHS = (
					"$(SDKROOT)/Developer/Library/Frameworks",
					"$(inherited)",
					"$(DEVELOPER_FRAMEWORKS_DIR)",
				);
				GCC_PRECOMPILE_PREFIX_HEADER = YES;
				GCC_PREFIX_HEADER = "Heresay/Heresay-Prefix.pch";
				INFOPLIST_FILE = "HeresayTests/HeresayTests-Info.plist";
				PRODUCT_NAME = "$(TARGET_NAME)";
				TEST_HOST = "$(BUNDLE_LOADER)";
				WRAPPER_EXTENSION = xctest;
			};
			name = Release;
		};
/* End XCBuildConfiguration section */

/* Begin XCConfigurationList section */
		CA105B4118ECFA6300F78D28 /* Build configuration list for PBXProject "Heresay" */ = {
			isa = XCConfigurationList;
			buildConfigurations = (
				CA105B7018ECFA6400F78D28 /* Debug */,
				CA105B7118ECFA6400F78D28 /* Release */,
			);
			defaultConfigurationIsVisible = 0;
			defaultConfigurationName = Release;
		};
		CA105B7218ECFA6400F78D28 /* Build configuration list for PBXNativeTarget "Heresay" */ = {
			isa = XCConfigurationList;
			buildConfigurations = (
				CA105B7318ECFA6400F78D28 /* Debug */,
				CA105B7418ECFA6400F78D28 /* Release */,
			);
			defaultConfigurationIsVisible = 0;
			defaultConfigurationName = Release;
		};
		CA105B7518ECFA6400F78D28 /* Build configuration list for PBXNativeTarget "HeresayTests" */ = {
			isa = XCConfigurationList;
			buildConfigurations = (
				CA105B7618ECFA6400F78D28 /* Debug */,
				CA105B7718ECFA6400F78D28 /* Release */,
			);
			defaultConfigurationIsVisible = 0;
			defaultConfigurationName = Release;
		};
/* End XCConfigurationList section */
	};
	rootObject = CA105B3E18ECFA6300F78D28 /* Project object */;
}
